# This file is automatically @generated by Poetry 1.8.3 and should not be changed by hand.

[[package]]
name = "appdirs"
version = "1.4.4"
description = "A small Python module for determining appropriate platform-specific dirs, e.g. a \"user data dir\"."
optional = false
python-versions = "*"
files = [
    {file = "appdirs-1.4.4-py2.py3-none-any.whl", hash = "sha256:a841dacd6b99318a741b166adb07e19ee71a274450e68237b4650ca1055ab128"},
    {file = "appdirs-1.4.4.tar.gz", hash = "sha256:7d5d0167b2b1ba821647616af46a749d1c653740dd0d2415100fe26e27afdf41"},
]

[[package]]
name = "black"
version = "20.8b1"
description = "The uncompromising code formatter."
optional = false
python-versions = ">=3.6"
files = [
    {file = "black-20.8b1.tar.gz", hash = "sha256:1c02557aa099101b9d21496f8a914e9ed2222ef70336404eeeac8edba836fbea"},
]

[package.dependencies]
appdirs = "*"
click = ">=7.1.2"
dataclasses = {version = ">=0.6", markers = "python_version < \"3.7\""}
mypy-extensions = ">=0.4.3"
pathspec = ">=0.6,<1"
regex = ">=2020.1.8"
toml = ">=0.10.1"
typed-ast = ">=1.4.0"
typing-extensions = ">=3.7.4"

[package.extras]
colorama = ["colorama (>=0.4.3)"]
d = ["aiohttp (>=3.3.2)", "aiohttp-cors"]

[[package]]
name = "certifi"
version = "2024.7.4"
description = "Python package for providing Mozilla's CA Bundle."
optional = false
python-versions = ">=3.6"
files = [
    {file = "certifi-2024.7.4-py3-none-any.whl", hash = "sha256:c198e21b1289c2ab85ee4e67bb4b4ef3ead0892059901a8d5b622f24a1101e90"},
    {file = "certifi-2024.7.4.tar.gz", hash = "sha256:5a1e7645bc0ec61a09e26c36f6106dd4cf40c6db3a1fb6352b0244e7fb057c7b"},
]

[[package]]
name = "charset-normalizer"
version = "2.0.8"
description = "The Real First Universal Charset Detector. Open, modern and actively maintained alternative to Chardet."
optional = false
python-versions = ">=3.5.0"
files = [
    {file = "charset-normalizer-2.0.8.tar.gz", hash = "sha256:735e240d9a8506778cd7a453d97e817e536bb1fc29f4f6961ce297b9c7a917b0"},
    {file = "charset_normalizer-2.0.8-py3-none-any.whl", hash = "sha256:83fcdeb225499d6344c8f7f34684c2981270beacc32ede2e669e94f7fa544405"},
]

[package.extras]
unicode-backport = ["unicodedata2"]

[[package]]
name = "click"
version = "8.0.3"
description = "Composable command line interface toolkit"
optional = false
python-versions = ">=3.6"
files = [
    {file = "click-8.0.3-py3-none-any.whl", hash = "sha256:353f466495adaeb40b6b5f592f9f91cb22372351c84caeb068132442a4518ef3"},
    {file = "click-8.0.3.tar.gz", hash = "sha256:410e932b050f5eed773c4cda94de75971c89cdb3155a72a0831139a79e5ecb5b"},
]

[package.dependencies]
colorama = {version = "*", markers = "platform_system == \"Windows\""}
importlib-metadata = {version = "*", markers = "python_version < \"3.8\""}

[[package]]
name = "colorama"
version = "0.4.4"
description = "Cross-platform colored terminal text."
optional = false
python-versions = ">=2.7, !=3.0.*, !=3.1.*, !=3.2.*, !=3.3.*, !=3.4.*"
files = [
    {file = "colorama-0.4.4-py2.py3-none-any.whl", hash = "sha256:9f47eda37229f68eee03b24b9748937c7dc3868f906e8ba69fbcbdd3bc5dc3e2"},
    {file = "colorama-0.4.4.tar.gz", hash = "sha256:5941b2b48a20143d2267e95b1c2a7603ce057ee39fd88e7329b0c292aa16869b"},
]

[[package]]
name = "dataclasses"
version = "0.8"
description = "A backport of the dataclasses module for Python 3.6"
optional = false
python-versions = ">=3.6, <3.7"
files = [
    {file = "dataclasses-0.8-py3-none-any.whl", hash = "sha256:0201d89fa866f68c8ebd9d08ee6ff50c0b255f8ec63a71c16fda7af82bb887bf"},
    {file = "dataclasses-0.8.tar.gz", hash = "sha256:8479067f342acf957dc82ec415d355ab5edb7e7646b90dc6e2fd1d96ad084c97"},
]

[[package]]
name = "flake8"
version = "4.0.1"
description = "the modular source code checker: pep8 pyflakes and co"
optional = false
python-versions = ">=3.6"
files = [
    {file = "flake8-4.0.1-py2.py3-none-any.whl", hash = "sha256:479b1304f72536a55948cb40a32dce8bb0ffe3501e26eaf292c7e60eb5e0428d"},
    {file = "flake8-4.0.1.tar.gz", hash = "sha256:806e034dda44114815e23c16ef92f95c91e4c71100ff52813adf7132a6ad870d"},
]

[package.dependencies]
importlib-metadata = {version = "<4.3", markers = "python_version < \"3.8\""}
mccabe = ">=0.6.0,<0.7.0"
pycodestyle = ">=2.8.0,<2.9.0"
pyflakes = ">=2.4.0,<2.5.0"

[[package]]
name = "idna"
version = "3.7"
description = "Internationalized Domain Names in Applications (IDNA)"
optional = false
python-versions = ">=3.5"
files = [
    {file = "idna-3.7-py3-none-any.whl", hash = "sha256:82fee1fc78add43492d3a1898bfa6d8a904cc97d8427f683ed8e798d07761aa0"},
    {file = "idna-3.7.tar.gz", hash = "sha256:028ff3aadf0609c1fd278d8ea3089299412a7a8b9bd005dd08b9f8285bcb5cfc"},
]

[[package]]
name = "importlib-metadata"
version = "4.2.0"
description = "Read metadata from Python packages"
optional = false
python-versions = ">=3.6"
files = [
    {file = "importlib_metadata-4.2.0-py3-none-any.whl", hash = "sha256:057e92c15bc8d9e8109738a48db0ccb31b4d9d5cfbee5a8670879a30be66304b"},
    {file = "importlib_metadata-4.2.0.tar.gz", hash = "sha256:b7e52a1f8dec14a75ea73e0891f3060099ca1d8e6a462a4dff11c3e119ea1b31"},
]

[package.dependencies]
typing-extensions = {version = ">=3.6.4", markers = "python_version < \"3.8\""}
zipp = ">=0.5"

[package.extras]
docs = ["jaraco.packaging (>=8.2)", "rst.linker (>=1.9)", "sphinx"]
testing = ["flufl.flake8", "importlib-resources (>=1.3)", "packaging", "pep517", "pyfakefs", "pytest (>=4.6)", "pytest-black (>=0.3.7)", "pytest-checkdocs (>=2.4)", "pytest-cov", "pytest-enabler (>=1.0.1)", "pytest-flake8", "pytest-mypy"]

[[package]]
name = "mccabe"
version = "0.6.1"
description = "McCabe checker, plugin for flake8"
optional = false
python-versions = "*"
files = [
    {file = "mccabe-0.6.1-py2.py3-none-any.whl", hash = "sha256:ab8a6258860da4b6677da4bd2fe5dc2c659cff31b3ee4f7f5d64e79735b80d42"},
    {file = "mccabe-0.6.1.tar.gz", hash = "sha256:dd8d182285a0fe56bace7f45b5e7d1a6ebcbf524e8f3bd87eb0f125271b8831f"},
]

[[package]]
name = "mypy-extensions"
version = "0.4.3"
description = "Experimental type system extensions for programs checked with the mypy typechecker."
optional = false
python-versions = "*"
files = [
    {file = "mypy_extensions-0.4.3-py2.py3-none-any.whl", hash = "sha256:090fedd75945a69ae91ce1303b5824f428daf5a028d2f6ab8a299250a846f15d"},
    {file = "mypy_extensions-0.4.3.tar.gz", hash = "sha256:2d82818f5bb3e369420cb3c4060a7970edba416647068eb4c5343488a6c604a8"},
]

[[package]]
name = "pathspec"
version = "0.9.0"
description = "Utility library for gitignore style pattern matching of file paths."
optional = false
python-versions = "!=3.0.*,!=3.1.*,!=3.2.*,!=3.3.*,!=3.4.*,>=2.7"
files = [
    {file = "pathspec-0.9.0-py2.py3-none-any.whl", hash = "sha256:7d15c4ddb0b5c802d161efc417ec1a2558ea2653c2e8ad9c19098201dc1c993a"},
    {file = "pathspec-0.9.0.tar.gz", hash = "sha256:e564499435a2673d586f6b2130bb5b95f04a3ba06f81b8f895b651a3c76aabb1"},
]

[[package]]
name = "pycodestyle"
version = "2.8.0"
description = "Python style guide checker"
optional = false
python-versions = ">=2.7, !=3.0.*, !=3.1.*, !=3.2.*, !=3.3.*, !=3.4.*"
files = [
    {file = "pycodestyle-2.8.0-py2.py3-none-any.whl", hash = "sha256:720f8b39dde8b293825e7ff02c475f3077124006db4f440dcbc9a20b76548a20"},
    {file = "pycodestyle-2.8.0.tar.gz", hash = "sha256:eddd5847ef438ea1c7870ca7eb78a9d47ce0cdb4851a5523949f2601d0cbbe7f"},
]

[[package]]
name = "pyflakes"
version = "2.4.0"
description = "passive checker of Python programs"
optional = false
python-versions = ">=2.7, !=3.0.*, !=3.1.*, !=3.2.*, !=3.3.*"
files = [
    {file = "pyflakes-2.4.0-py2.py3-none-any.whl", hash = "sha256:3bb3a3f256f4b7968c9c788781e4ff07dce46bdf12339dcda61053375426ee2e"},
    {file = "pyflakes-2.4.0.tar.gz", hash = "sha256:05a85c2872edf37a4ed30b0cce2f6093e1d0581f8c19d7393122da7e25b2b24c"},
]

[[package]]
name = "regex"
version = "2021.11.10"
description = "Alternative regular expression module, to replace re."
optional = false
python-versions = "*"
files = [
    {file = "regex-2021.11.10-cp310-cp310-macosx_10_9_x86_64.whl", hash = "sha256:9345b6f7ee578bad8e475129ed40123d265464c4cfead6c261fd60fc9de00bcf"},
    {file = "regex-2021.11.10-cp310-cp310-macosx_11_0_arm64.whl", hash = "sha256:416c5f1a188c91e3eb41e9c8787288e707f7d2ebe66e0a6563af280d9b68478f"},
    {file = "regex-2021.11.10-cp310-cp310-manylinux_2_17_aarch64.manylinux2014_aarch64.whl", hash = "sha256:e0538c43565ee6e703d3a7c3bdfe4037a5209250e8502c98f20fea6f5fdf2965"},
    {file = "regex-2021.11.10-cp310-cp310-manylinux_2_17_ppc64le.manylinux2014_ppc64le.whl", hash = "sha256:7ee1227cf08b6716c85504aebc49ac827eb88fcc6e51564f010f11a406c0a667"},
    {file = "regex-2021.11.10-cp310-cp310-manylinux_2_17_s390x.manylinux2014_s390x.whl", hash = "sha256:6650f16365f1924d6014d2ea770bde8555b4a39dc9576abb95e3cd1ff0263b36"},
    {file = "regex-2021.11.10-cp310-cp310-manylinux_2_17_x86_64.manylinux2014_x86_64.whl", hash = "sha256:30ab804ea73972049b7a2a5c62d97687d69b5a60a67adca07eb73a0ddbc9e29f"},
    {file = "regex-2021.11.10-cp310-cp310-manylinux_2_5_i686.manylinux1_i686.manylinux_2_17_i686.manylinux2014_i686.whl", hash = "sha256:68a067c11463de2a37157930d8b153005085e42bcb7ad9ca562d77ba7d1404e0"},
    {file = "regex-2021.11.10-cp310-cp310-manylinux_2_5_x86_64.manylinux1_x86_64.manylinux_2_12_x86_64.manylinux2010_x86_64.whl", hash = "sha256:162abfd74e88001d20cb73ceaffbfe601469923e875caf9118333b1a4aaafdc4"},
    {file = "regex-2021.11.10-cp310-cp310-musllinux_1_1_aarch64.whl", hash = "sha256:b9ed0b1e5e0759d6b7f8e2f143894b2a7f3edd313f38cf44e1e15d360e11749b"},
    {file = "regex-2021.11.10-cp310-cp310-musllinux_1_1_i686.whl", hash = "sha256:473e67837f786404570eae33c3b64a4b9635ae9f00145250851a1292f484c063"},
    {file = "regex-2021.11.10-cp310-cp310-musllinux_1_1_ppc64le.whl", hash = "sha256:2fee3ed82a011184807d2127f1733b4f6b2ff6ec7151d83ef3477f3b96a13d03"},
    {file = "regex-2021.11.10-cp310-cp310-musllinux_1_1_s390x.whl", hash = "sha256:d5fd67df77bab0d3f4ea1d7afca9ef15c2ee35dfb348c7b57ffb9782a6e4db6e"},
    {file = "regex-2021.11.10-cp310-cp310-musllinux_1_1_x86_64.whl", hash = "sha256:5d408a642a5484b9b4d11dea15a489ea0928c7e410c7525cd892f4d04f2f617b"},
    {file = "regex-2021.11.10-cp310-cp310-win32.whl", hash = "sha256:98ba568e8ae26beb726aeea2273053c717641933836568c2a0278a84987b2a1a"},
    {file = "regex-2021.11.10-cp310-cp310-win_amd64.whl", hash = "sha256:780b48456a0f0ba4d390e8b5f7c661fdd218934388cde1a974010a965e200e12"},
    {file = "regex-2021.11.10-cp36-cp36m-macosx_10_9_x86_64.whl", hash = "sha256:dba70f30fd81f8ce6d32ddeef37d91c8948e5d5a4c63242d16a2b2df8143aafc"},
    {file = "regex-2021.11.10-cp36-cp36m-manylinux_2_17_aarch64.manylinux2014_aarch64.whl", hash = "sha256:e1f54b9b4b6c53369f40028d2dd07a8c374583417ee6ec0ea304e710a20f80a0"},
    {file = "regex-2021.11.10-cp36-cp36m-manylinux_2_17_ppc64le.manylinux2014_ppc64le.whl", hash = "sha256:fbb9dc00e39f3e6c0ef48edee202f9520dafb233e8b51b06b8428cfcb92abd30"},
    {file = "regex-2021.11.10-cp36-cp36m-manylinux_2_17_s390x.manylinux2014_s390x.whl", hash = "sha256:666abff54e474d28ff42756d94544cdfd42e2ee97065857413b72e8a2d6a6345"},
    {file = "regex-2021.11.10-cp36-cp36m-manylinux_2_17_x86_64.manylinux2014_x86_64.whl", hash = "sha256:5537f71b6d646f7f5f340562ec4c77b6e1c915f8baae822ea0b7e46c1f09b733"},
    {file = "regex-2021.11.10-cp36-cp36m-manylinux_2_5_i686.manylinux1_i686.manylinux_2_17_i686.manylinux2014_i686.whl", hash = "sha256:ed2e07c6a26ed4bea91b897ee2b0835c21716d9a469a96c3e878dc5f8c55bb23"},
    {file = "regex-2021.11.10-cp36-cp36m-manylinux_2_5_x86_64.manylinux1_x86_64.manylinux_2_12_x86_64.manylinux2010_x86_64.whl", hash = "sha256:ca5f18a75e1256ce07494e245cdb146f5a9267d3c702ebf9b65c7f8bd843431e"},
    {file = "regex-2021.11.10-cp36-cp36m-musllinux_1_1_aarch64.whl", hash = "sha256:74cbeac0451f27d4f50e6e8a8f3a52ca074b5e2da9f7b505c4201a57a8ed6286"},
    {file = "regex-2021.11.10-cp36-cp36m-musllinux_1_1_i686.whl", hash = "sha256:3598893bde43091ee5ca0a6ad20f08a0435e93a69255eeb5f81b85e81e329264"},
    {file = "regex-2021.11.10-cp36-cp36m-musllinux_1_1_ppc64le.whl", hash = "sha256:50a7ddf3d131dc5633dccdb51417e2d1910d25cbcf842115a3a5893509140a3a"},
    {file = "regex-2021.11.10-cp36-cp36m-musllinux_1_1_s390x.whl", hash = "sha256:61600a7ca4bcf78a96a68a27c2ae9389763b5b94b63943d5158f2a377e09d29a"},
    {file = "regex-2021.11.10-cp36-cp36m-musllinux_1_1_x86_64.whl", hash = "sha256:563d5f9354e15e048465061509403f68424fef37d5add3064038c2511c8f5e00"},
    {file = "regex-2021.11.10-cp36-cp36m-win32.whl", hash = "sha256:93a5051fcf5fad72de73b96f07d30bc29665697fb8ecdfbc474f3452c78adcf4"},
    {file = "regex-2021.11.10-cp36-cp36m-win_amd64.whl", hash = "sha256:b483c9d00a565633c87abd0aaf27eb5016de23fed952e054ecc19ce32f6a9e7e"},
    {file = "regex-2021.11.10-cp37-cp37m-macosx_10_9_x86_64.whl", hash = "sha256:fff55f3ce50a3ff63ec8e2a8d3dd924f1941b250b0aac3d3d42b687eeff07a8e"},
    {file = "regex-2021.11.10-cp37-cp37m-manylinux_2_17_aarch64.manylinux2014_aarch64.whl", hash = "sha256:e32d2a2b02ccbef10145df9135751abea1f9f076e67a4e261b05f24b94219e36"},
    {file = "regex-2021.11.10-cp37-cp37m-manylinux_2_17_ppc64le.manylinux2014_ppc64le.whl", hash = "sha256:53db2c6be8a2710b359bfd3d3aa17ba38f8aa72a82309a12ae99d3c0c3dcd74d"},
    {file = "regex-2021.11.10-cp37-cp37m-manylinux_2_17_s390x.manylinux2014_s390x.whl", hash = "sha256:2207ae4f64ad3af399e2d30dde66f0b36ae5c3129b52885f1bffc2f05ec505c8"},
    {file = "regex-2021.11.10-cp37-cp37m-manylinux_2_17_x86_64.manylinux2014_x86_64.whl", hash = "sha256:d5ca078bb666c4a9d1287a379fe617a6dccd18c3e8a7e6c7e1eb8974330c626a"},
    {file = "regex-2021.11.10-cp37-cp37m-manylinux_2_5_i686.manylinux1_i686.manylinux_2_17_i686.manylinux2014_i686.whl", hash = "sha256:dd33eb9bdcfbabab3459c9ee651d94c842bc8a05fabc95edf4ee0c15a072495e"},
    {file = "regex-2021.11.10-cp37-cp37m-manylinux_2_5_x86_64.manylinux1_x86_64.manylinux_2_12_x86_64.manylinux2010_x86_64.whl", hash = "sha256:05b7d6d7e64efe309972adab77fc2af8907bb93217ec60aa9fe12a0dad35874f"},
    {file = "regex-2021.11.10-cp37-cp37m-musllinux_1_1_aarch64.whl", hash = "sha256:42b50fa6666b0d50c30a990527127334d6b96dd969011e843e726a64011485da"},
    {file = "regex-2021.11.10-cp37-cp37m-musllinux_1_1_i686.whl", hash = "sha256:6e1d2cc79e8dae442b3fa4a26c5794428b98f81389af90623ffcc650ce9f6732"},
    {file = "regex-2021.11.10-cp37-cp37m-musllinux_1_1_ppc64le.whl", hash = "sha256:0416f7399e918c4b0e074a0f66e5191077ee2ca32a0f99d4c187a62beb47aa05"},
    {file = "regex-2021.11.10-cp37-cp37m-musllinux_1_1_s390x.whl", hash = "sha256:ce298e3d0c65bd03fa65ffcc6db0e2b578e8f626d468db64fdf8457731052942"},
    {file = "regex-2021.11.10-cp37-cp37m-musllinux_1_1_x86_64.whl", hash = "sha256:dc07f021ee80510f3cd3af2cad5b6a3b3a10b057521d9e6aaeb621730d320c5a"},
    {file = "regex-2021.11.10-cp37-cp37m-win32.whl", hash = "sha256:e71255ba42567d34a13c03968736c5d39bb4a97ce98188fafb27ce981115beec"},
    {file = "regex-2021.11.10-cp37-cp37m-win_amd64.whl", hash = "sha256:07856afef5ffcc052e7eccf3213317fbb94e4a5cd8177a2caa69c980657b3cb4"},
    {file = "regex-2021.11.10-cp38-cp38-macosx_10_9_x86_64.whl", hash = "sha256:ba05430e819e58544e840a68b03b28b6d328aff2e41579037e8bab7653b37d83"},
    {file = "regex-2021.11.10-cp38-cp38-macosx_11_0_arm64.whl", hash = "sha256:7f301b11b9d214f83ddaf689181051e7f48905568b0c7017c04c06dfd065e244"},
    {file = "regex-2021.11.10-cp38-cp38-manylinux_2_17_aarch64.manylinux2014_aarch64.whl", hash = "sha256:4aaa4e0705ef2b73dd8e36eeb4c868f80f8393f5f4d855e94025ce7ad8525f50"},
    {file = "regex-2021.11.10-cp38-cp38-manylinux_2_17_ppc64le.manylinux2014_ppc64le.whl", hash = "sha256:788aef3549f1924d5c38263104dae7395bf020a42776d5ec5ea2b0d3d85d6646"},
    {file = "regex-2021.11.10-cp38-cp38-manylinux_2_17_s390x.manylinux2014_s390x.whl", hash = "sha256:f8af619e3be812a2059b212064ea7a640aff0568d972cd1b9e920837469eb3cb"},
    {file = "regex-2021.11.10-cp38-cp38-manylinux_2_17_x86_64.manylinux2014_x86_64.whl", hash = "sha256:85bfa6a5413be0ee6c5c4a663668a2cad2cbecdee367630d097d7823041bdeec"},
    {file = "regex-2021.11.10-cp38-cp38-manylinux_2_5_i686.manylinux1_i686.manylinux_2_17_i686.manylinux2014_i686.whl", hash = "sha256:f23222527b307970e383433daec128d769ff778d9b29343fb3496472dc20dabe"},
    {file = "regex-2021.11.10-cp38-cp38-manylinux_2_5_x86_64.manylinux1_x86_64.manylinux_2_12_x86_64.manylinux2010_x86_64.whl", hash = "sha256:da1a90c1ddb7531b1d5ff1e171b4ee61f6345119be7351104b67ff413843fe94"},
    {file = "regex-2021.11.10-cp38-cp38-musllinux_1_1_aarch64.whl", hash = "sha256:f5be7805e53dafe94d295399cfbe5227f39995a997f4fd8539bf3cbdc8f47ca8"},
    {file = "regex-2021.11.10-cp38-cp38-musllinux_1_1_i686.whl", hash = "sha256:a955b747d620a50408b7fdf948e04359d6e762ff8a85f5775d907ceced715129"},
    {file = "regex-2021.11.10-cp38-cp38-musllinux_1_1_ppc64le.whl", hash = "sha256:139a23d1f5d30db2cc6c7fd9c6d6497872a672db22c4ae1910be22d4f4b2068a"},
    {file = "regex-2021.11.10-cp38-cp38-musllinux_1_1_s390x.whl", hash = "sha256:ca49e1ab99593438b204e00f3970e7a5f70d045267051dfa6b5f4304fcfa1dbf"},
    {file = "regex-2021.11.10-cp38-cp38-musllinux_1_1_x86_64.whl", hash = "sha256:96fc32c16ea6d60d3ca7f63397bff5c75c5a562f7db6dec7d412f7c4d2e78ec0"},
    {file = "regex-2021.11.10-cp38-cp38-win32.whl", hash = "sha256:0617383e2fe465732af4509e61648b77cbe3aee68b6ac8c0b6fe934db90be5cc"},
    {file = "regex-2021.11.10-cp38-cp38-win_amd64.whl", hash = "sha256:a3feefd5e95871872673b08636f96b61ebef62971eab044f5124fb4dea39919d"},
    {file = "regex-2021.11.10-cp39-cp39-macosx_10_9_x86_64.whl", hash = "sha256:f7f325be2804246a75a4f45c72d4ce80d2443ab815063cdf70ee8fb2ca59ee1b"},
    {file = "regex-2021.11.10-cp39-cp39-macosx_11_0_arm64.whl", hash = "sha256:537ca6a3586931b16a85ac38c08cc48f10fc870a5b25e51794c74df843e9966d"},
    {file = "regex-2021.11.10-cp39-cp39-manylinux_2_17_aarch64.manylinux2014_aarch64.whl", hash = "sha256:eef2afb0fd1747f33f1ee3e209bce1ed582d1896b240ccc5e2697e3275f037c7"},
    {file = "regex-2021.11.10-cp39-cp39-manylinux_2_17_ppc64le.manylinux2014_ppc64le.whl", hash = "sha256:432bd15d40ed835a51617521d60d0125867f7b88acf653e4ed994a1f8e4995dc"},
    {file = "regex-2021.11.10-cp39-cp39-manylinux_2_17_s390x.manylinux2014_s390x.whl", hash = "sha256:b43c2b8a330a490daaef5a47ab114935002b13b3f9dc5da56d5322ff218eeadb"},
    {file = "regex-2021.11.10-cp39-cp39-manylinux_2_17_x86_64.manylinux2014_x86_64.whl", hash = "sha256:962b9a917dd7ceacbe5cd424556914cb0d636001e393b43dc886ba31d2a1e449"},
    {file = "regex-2021.11.10-cp39-cp39-manylinux_2_5_i686.manylinux1_i686.manylinux_2_17_i686.manylinux2014_i686.whl", hash = "sha256:fa8c626d6441e2d04b6ee703ef2d1e17608ad44c7cb75258c09dd42bacdfc64b"},
    {file = "regex-2021.11.10-cp39-cp39-manylinux_2_5_x86_64.manylinux1_x86_64.manylinux_2_12_x86_64.manylinux2010_x86_64.whl", hash = "sha256:3c5fb32cc6077abad3bbf0323067636d93307c9fa93e072771cf9a64d1c0f3ef"},
    {file = "regex-2021.11.10-cp39-cp39-musllinux_1_1_aarch64.whl", hash = "sha256:cd410a1cbb2d297c67d8521759ab2ee3f1d66206d2e4328502a487589a2cb21b"},
    {file = "regex-2021.11.10-cp39-cp39-musllinux_1_1_i686.whl", hash = "sha256:e6096b0688e6e14af6a1b10eaad86b4ff17935c49aa774eac7c95a57a4e8c296"},
    {file = "regex-2021.11.10-cp39-cp39-musllinux_1_1_ppc64le.whl", hash = "sha256:529801a0d58809b60b3531ee804d3e3be4b412c94b5d267daa3de7fadef00f49"},
    {file = "regex-2021.11.10-cp39-cp39-musllinux_1_1_s390x.whl", hash = "sha256:0f594b96fe2e0821d026365f72ac7b4f0b487487fb3d4aaf10dd9d97d88a9737"},
    {file = "regex-2021.11.10-cp39-cp39-musllinux_1_1_x86_64.whl", hash = "sha256:2409b5c9cef7054dde93a9803156b411b677affc84fca69e908b1cb2c540025d"},
    {file = "regex-2021.11.10-cp39-cp39-win32.whl", hash = "sha256:3b5df18db1fccd66de15aa59c41e4f853b5df7550723d26aa6cb7f40e5d9da5a"},
    {file = "regex-2021.11.10-cp39-cp39-win_amd64.whl", hash = "sha256:83ee89483672b11f8952b158640d0c0ff02dc43d9cb1b70c1564b49abe92ce29"},
    {file = "regex-2021.11.10.tar.gz", hash = "sha256:f341ee2df0999bfdf7a95e448075effe0db212a59387de1a70690e4acb03d4c6"},
]

[[package]]
name = "requests"
version = "2.27.1"
description = "Python HTTP for Humans."
optional = false
python-versions = ">=2.7, !=3.0.*, !=3.1.*, !=3.2.*, !=3.3.*, !=3.4.*, !=3.5.*"
files = [
    {file = "requests-2.27.1-py2.py3-none-any.whl", hash = "sha256:f22fa1e554c9ddfd16e6e41ac79759e17be9e492b3587efa038054674760e72d"},
    {file = "requests-2.27.1.tar.gz", hash = "sha256:68d7c56fd5a8999887728ef304a6d12edc7be74f1cfa47714fc8b414525c9a61"},
]

[package.dependencies]
certifi = ">=2017.4.17"
charset-normalizer = {version = ">=2.0.0,<2.1.0", markers = "python_version >= \"3\""}
idna = {version = ">=2.5,<4", markers = "python_version >= \"3\""}
urllib3 = ">=1.21.1,<1.27"

[package.extras]
socks = ["PySocks (>=1.5.6,!=1.5.7)", "win-inet-pton"]
use-chardet-on-py3 = ["chardet (>=3.0.2,<5)"]

[[package]]
name = "simplejson"
version = "3.19.3"
description = "Simple, fast, extensible JSON encoder/decoder for Python"
optional = false
python-versions = "!=3.0.*,!=3.1.*,!=3.2.*,>=2.5"
files = [
    {file = "simplejson-3.19.3-cp27-cp27m-manylinux1_i686.whl", hash = "sha256:f39caec26007a2d0efab6b8b1d74873ede9351962707afab622cc2285dd26ed0"},
    {file = "simplejson-3.19.3-cp27-cp27m-manylinux1_x86_64.whl", hash = "sha256:83c87706265ae3028e8460d08b05f30254c569772e859e5ba61fe8af2c883468"},
    {file = "simplejson-3.19.3-cp27-cp27m-manylinux2010_i686.whl", hash = "sha256:0b5ddd2c7d1d3f4d23224bc8a04bbf1430ae9a8149c05b90f8fc610f7f857a23"},
    {file = "simplejson-3.19.3-cp27-cp27m-manylinux2010_x86_64.whl", hash = "sha256:ad0e0b1ce9bd3edb5cf64b5b5b76eacbfdac8c5367153aeeec8a8b1407f68342"},
    {file = "simplejson-3.19.3-cp27-cp27mu-manylinux1_i686.whl", hash = "sha256:93be280fc69a952c76e261036312c20b910e7fa9e234f1d89bdfe3fa34f8a023"},
    {file = "simplejson-3.19.3-cp27-cp27mu-manylinux1_x86_64.whl", hash = "sha256:6d43e24b88c80f997081503f693be832fc90854f278df277dd54f8a4c847ab61"},
    {file = "simplejson-3.19.3-cp27-cp27mu-manylinux2010_i686.whl", hash = "sha256:2876027ebdd599d730d36464debe84619b0368e9a642ca6e7c601be55aed439e"},
    {file = "simplejson-3.19.3-cp27-cp27mu-manylinux2010_x86_64.whl", hash = "sha256:0766ca6222b410e08e0053a0dda3606cafb3973d5d00538307f631bb59743396"},
    {file = "simplejson-3.19.3-cp310-cp310-macosx_10_9_universal2.whl", hash = "sha256:50d8b742d74c449c4dcac570d08ce0f21f6a149d2d9cf7652dbf2ba9a1bc729a"},
    {file = "simplejson-3.19.3-cp310-cp310-macosx_10_9_x86_64.whl", hash = "sha256:dd011fc3c1d88b779645495fdb8189fb318a26981eebcce14109460e062f209b"},
    {file = "simplejson-3.19.3-cp310-cp310-macosx_11_0_arm64.whl", hash = "sha256:637c4d4b81825c1f4d651e56210bd35b5604034b192b02d2d8f17f7ce8c18f42"},
    {file = "simplejson-3.19.3-cp310-cp310-manylinux_2_17_aarch64.manylinux2014_aarch64.whl", hash = "sha256:2f56eb03bc9e432bb81adc8ecff2486d39feb371abb442964ffb44f6db23b332"},
    {file = "simplejson-3.19.3-cp310-cp310-manylinux_2_17_ppc64le.manylinux2014_ppc64le.whl", hash = "sha256:ef59a53be400c1fad2c914b8d74c9d42384fed5174f9321dd021b7017fd40270"},
    {file = "simplejson-3.19.3-cp310-cp310-manylinux_2_5_i686.manylinux1_i686.manylinux_2_17_i686.manylinux2014_i686.whl", hash = "sha256:72e8abbc86fcac83629a030888b45fed3a404d54161118be52cb491cd6975d3e"},
    {file = "simplejson-3.19.3-cp310-cp310-manylinux_2_5_x86_64.manylinux1_x86_64.manylinux_2_17_x86_64.manylinux2014_x86_64.whl", hash = "sha256:f8efb03ca77bd7725dfacc9254df00d73e6f43013cf39bd37ef1a8ed0ebb5165"},
    {file = "simplejson-3.19.3-cp310-cp310-musllinux_1_2_aarch64.whl", hash = "sha256:add8850db04b98507a8b62d248a326ecc8561e6d24336d1ca5c605bbfaab4cad"},
    {file = "simplejson-3.19.3-cp310-cp310-musllinux_1_2_i686.whl", hash = "sha256:fc3dc9fb413fc34c396f52f4c87de18d0bd5023804afa8ab5cc224deeb6a9900"},
    {file = "simplejson-3.19.3-cp310-cp310-musllinux_1_2_ppc64le.whl", hash = "sha256:4dfa420bb9225dd33b6efdabde7c6a671b51150b9b1d9c4e5cd74d3b420b3fe1"},
    {file = "simplejson-3.19.3-cp310-cp310-musllinux_1_2_x86_64.whl", hash = "sha256:7b5c472099b39b274dcde27f1113db8d818c9aa3ba8f78cbb8ad04a4c1ac2118"},
    {file = "simplejson-3.19.3-cp310-cp310-win32.whl", hash = "sha256:817abad79241ed4a507b3caf4d3f2be5079f39d35d4c550a061988986bffd2ec"},
    {file = "simplejson-3.19.3-cp310-cp310-win_amd64.whl", hash = "sha256:dd5b9b1783e14803e362a558680d88939e830db2466f3fa22df5c9319f8eea94"},
    {file = "simplejson-3.19.3-cp311-cp311-macosx_10_9_universal2.whl", hash = "sha256:e88abff510dcff903a18d11c2a75f9964e768d99c8d147839913886144b2065e"},
    {file = "simplejson-3.19.3-cp311-cp311-macosx_10_9_x86_64.whl", hash = "sha256:934a50a614fb831614db5dbfba35127ee277624dda4d15895c957d2f5d48610c"},
    {file = "simplejson-3.19.3-cp311-cp311-macosx_11_0_arm64.whl", hash = "sha256:212fce86a22188b0c7f53533b0f693ea9605c1a0f02c84c475a30616f55a744d"},
    {file = "simplejson-3.19.3-cp311-cp311-manylinux_2_17_aarch64.manylinux2014_aarch64.whl", hash = "sha256:5d9e8f836688a8fabe6a6b41b334aa550a6823f7b4ac3d3712fc0ad8655be9a8"},
    {file = "simplejson-3.19.3-cp311-cp311-manylinux_2_17_ppc64le.manylinux2014_ppc64le.whl", hash = "sha256:23228037dc5d41c36666384062904d74409a62f52283d9858fa12f4c22cffad1"},
    {file = "simplejson-3.19.3-cp311-cp311-manylinux_2_5_i686.manylinux1_i686.manylinux_2_17_i686.manylinux2014_i686.whl", hash = "sha256:0791f64fed7d4abad639491f8a6b1ba56d3c604eb94b50f8697359b92d983f36"},
    {file = "simplejson-3.19.3-cp311-cp311-manylinux_2_5_x86_64.manylinux1_x86_64.manylinux_2_17_x86_64.manylinux2014_x86_64.whl", hash = "sha256:c4f614581b61a26fbbba232a1391f6cee82bc26f2abbb6a0b44a9bba25c56a1c"},
    {file = "simplejson-3.19.3-cp311-cp311-musllinux_1_2_aarch64.whl", hash = "sha256:1df0aaf1cb787fdf34484ed4a1f0c545efd8811f6028623290fef1a53694e597"},
    {file = "simplejson-3.19.3-cp311-cp311-musllinux_1_2_i686.whl", hash = "sha256:951095be8d4451a7182403354c22ec2de3e513e0cc40408b689af08d02611588"},
    {file = "simplejson-3.19.3-cp311-cp311-musllinux_1_2_ppc64le.whl", hash = "sha256:2a954b30810988feeabde843e3263bf187697e0eb5037396276db3612434049b"},
    {file = "simplejson-3.19.3-cp311-cp311-musllinux_1_2_x86_64.whl", hash = "sha256:c40df31a75de98db2cdfead6074d4449cd009e79f54c1ebe5e5f1f153c68ad20"},
    {file = "simplejson-3.19.3-cp311-cp311-win32.whl", hash = "sha256:7e2a098c21ad8924076a12b6c178965d88a0ad75d1de67e1afa0a66878f277a5"},
    {file = "simplejson-3.19.3-cp311-cp311-win_amd64.whl", hash = "sha256:c9bedebdc5fdad48af8783022bae307746d54006b783007d1d3c38e10872a2c6"},
    {file = "simplejson-3.19.3-cp312-cp312-macosx_10_9_universal2.whl", hash = "sha256:66a0399e21c2112acacfebf3d832ebe2884f823b1c7e6d1363f2944f1db31a99"},
    {file = "simplejson-3.19.3-cp312-cp312-macosx_10_9_x86_64.whl", hash = "sha256:6ef9383c5e05f445be60f1735c1816163c874c0b1ede8bb4390aff2ced34f333"},
    {file = "simplejson-3.19.3-cp312-cp312-macosx_11_0_arm64.whl", hash = "sha256:42e5acf80d4d971238d4df97811286a044d720693092b20a56d5e56b7dcc5d09"},
    {file = "simplejson-3.19.3-cp312-cp312-manylinux_2_17_aarch64.manylinux2014_aarch64.whl", hash = "sha256:d0b0efc7279d768db7c74d3d07f0b5c81280d16ae3fb14e9081dc903e8360771"},
    {file = "simplejson-3.19.3-cp312-cp312-manylinux_2_17_ppc64le.manylinux2014_ppc64le.whl", hash = "sha256:0552eb06e7234da892e1d02365cd2b7b2b1f8233aa5aabdb2981587b7cc92ea0"},
    {file = "simplejson-3.19.3-cp312-cp312-manylinux_2_5_i686.manylinux1_i686.manylinux_2_17_i686.manylinux2014_i686.whl", hash = "sha256:5bf6a3b9a7d7191471b464fe38f684df10eb491ec9ea454003edb45a011ab187"},
    {file = "simplejson-3.19.3-cp312-cp312-manylinux_2_5_x86_64.manylinux1_x86_64.manylinux_2_17_x86_64.manylinux2014_x86_64.whl", hash = "sha256:7017329ca8d4dca94ad5e59f496e5fc77630aecfc39df381ffc1d37fb6b25832"},
    {file = "simplejson-3.19.3-cp312-cp312-musllinux_1_2_aarch64.whl", hash = "sha256:67a20641afebf4cfbcff50061f07daad1eace6e7b31d7622b6fa2c40d43900ba"},
    {file = "simplejson-3.19.3-cp312-cp312-musllinux_1_2_i686.whl", hash = "sha256:dd6a7dabcc4c32daf601bc45e01b79175dde4b52548becea4f9545b0a4428169"},
    {file = "simplejson-3.19.3-cp312-cp312-musllinux_1_2_ppc64le.whl", hash = "sha256:08f9b443a94e72dd02c87098c96886d35790e79e46b24e67accafbf13b73d43b"},
    {file = "simplejson-3.19.3-cp312-cp312-musllinux_1_2_x86_64.whl", hash = "sha256:fa97278ae6614346b5ca41a45a911f37a3261b57dbe4a00602048652c862c28b"},
    {file = "simplejson-3.19.3-cp312-cp312-win32.whl", hash = "sha256:ef28c3b328d29b5e2756903aed888960bc5df39b4c2eab157ae212f70ed5bf74"},
    {file = "simplejson-3.19.3-cp312-cp312-win_amd64.whl", hash = "sha256:1e662336db50ad665777e6548b5076329a94a0c3d4a0472971c588b3ef27de3a"},
    {file = "simplejson-3.19.3-cp313-cp313-macosx_10_13_universal2.whl", hash = "sha256:0959e6cb62e3994b5a40e31047ff97ef5c4138875fae31659bead691bed55896"},
    {file = "simplejson-3.19.3-cp313-cp313-macosx_10_13_x86_64.whl", hash = "sha256:7a7bfad839c624e139a4863007233a3f194e7c51551081f9789cba52e4da5167"},
    {file = "simplejson-3.19.3-cp313-cp313-macosx_11_0_arm64.whl", hash = "sha256:afab2f7f2486a866ff04d6d905e9386ca6a231379181a3838abce1f32fbdcc37"},
    {file = "simplejson-3.19.3-cp313-cp313-manylinux_2_17_aarch64.manylinux2014_aarch64.whl", hash = "sha256:d00313681015ac498e1736b304446ee6d1c72c5b287cd196996dad84369998f7"},
    {file = "simplejson-3.19.3-cp313-cp313-manylinux_2_17_ppc64le.manylinux2014_ppc64le.whl", hash = "sha256:d936ae682d5b878af9d9eb4d8bb1fdd5e41275c8eb59ceddb0aeed857bb264a2"},
    {file = "simplejson-3.19.3-cp313-cp313-manylinux_2_5_i686.manylinux1_i686.manylinux_2_17_i686.manylinux2014_i686.whl", hash = "sha256:01c6657485393f2e9b8177c77a7634f13ebe70d5e6de150aae1677d91516ce6b"},
    {file = "simplejson-3.19.3-cp313-cp313-manylinux_2_5_x86_64.manylinux1_x86_64.manylinux_2_17_x86_64.manylinux2014_x86_64.whl", hash = "sha256:2a6a750d3c7461b1c47cfc6bba8d9e57a455e7c5f80057d2a82f738040dd1129"},
    {file = "simplejson-3.19.3-cp313-cp313-musllinux_1_2_aarch64.whl", hash = "sha256:ea7a4a998c87c5674a27089e022110a1a08a7753f21af3baf09efe9915c23c3c"},
    {file = "simplejson-3.19.3-cp313-cp313-musllinux_1_2_i686.whl", hash = "sha256:6300680d83a399be2b8f3b0ef7ef90b35d2a29fe6e9c21438097e0938bbc1564"},
    {file = "simplejson-3.19.3-cp313-cp313-musllinux_1_2_ppc64le.whl", hash = "sha256:ab69f811a660c362651ae395eba8ce84f84c944cea0df5718ea0ba9d1e4e7252"},
    {file = "simplejson-3.19.3-cp313-cp313-musllinux_1_2_x86_64.whl", hash = "sha256:256e09d0f94d9c3d177d9e95fd27a68c875a4baa2046633df387b86b652f5747"},
    {file = "simplejson-3.19.3-cp313-cp313-win32.whl", hash = "sha256:2c78293470313aefa9cfc5e3f75ca0635721fb016fb1121c1c5b0cb8cc74712a"},
    {file = "simplejson-3.19.3-cp313-cp313-win_amd64.whl", hash = "sha256:3bbcdc438dc1683b35f7a8dc100960c721f922f9ede8127f63bed7dfded4c64c"},
    {file = "simplejson-3.19.3-cp36-cp36m-macosx_10_9_x86_64.whl", hash = "sha256:89b35433186e977fa86ff1fd179c1fadff39cfa3afa1648dab0b6ca53153acd9"},
    {file = "simplejson-3.19.3-cp36-cp36m-manylinux_2_17_aarch64.manylinux2014_aarch64.whl", hash = "sha256:d43c2d7504eda566c50203cdc9dc043aff6f55f1b7dae0dcd79dfefef9159d1c"},
    {file = "simplejson-3.19.3-cp36-cp36m-manylinux_2_17_ppc64le.manylinux2014_ppc64le.whl", hash = "sha256:6890ff9cf0bd2e1d487e2a8869ebd620a44684c0a9667fa5ee751d099d5d84c8"},
    {file = "simplejson-3.19.3-cp36-cp36m-manylinux_2_5_i686.manylinux1_i686.manylinux_2_17_i686.manylinux2014_i686.whl", hash = "sha256:1069143a8fb3905e1bc0696c62be7e3adf812e9f1976ac9ae15b05112ff57cc9"},
    {file = "simplejson-3.19.3-cp36-cp36m-manylinux_2_5_x86_64.manylinux1_x86_64.manylinux_2_17_x86_64.manylinux2014_x86_64.whl", hash = "sha256:cb324bb903330cbb35d87cce367a12631cd5720afa06e5b9c906483970946da6"},
    {file = "simplejson-3.19.3-cp36-cp36m-musllinux_1_2_aarch64.whl", hash = "sha256:0a32859d45d7b85fb803bb68f6bee14526991a1190269116c33399fa0daf9bbf"},
    {file = "simplejson-3.19.3-cp36-cp36m-musllinux_1_2_i686.whl", hash = "sha256:23833ee7e791ec968b744dfee2a2d39df7152050051096caf4296506d75608d8"},
    {file = "simplejson-3.19.3-cp36-cp36m-musllinux_1_2_ppc64le.whl", hash = "sha256:d73efb03c5b39249c82488a994f0998f9e4399e3d085209d2120503305ba77a8"},
    {file = "simplejson-3.19.3-cp36-cp36m-musllinux_1_2_x86_64.whl", hash = "sha256:7923878b7a0142d39763ec2dbecff3053c1bedd3653585a8474666e420fe83f5"},
    {file = "simplejson-3.19.3-cp36-cp36m-win32.whl", hash = "sha256:7355c7203353c36d46c4e7b6055293b3d2be097bbc5e2874a2b8a7259f0325dd"},
    {file = "simplejson-3.19.3-cp36-cp36m-win_amd64.whl", hash = "sha256:d1b8b4d6379fe55f471914345fe6171d81a18649dacf3248abfc9c349b4442eb"},
    {file = "simplejson-3.19.3-cp37-cp37m-macosx_10_9_x86_64.whl", hash = "sha256:d36608557b4dcd7a62c29ad4cd7c5a1720bbf7dc942eff9dc42d2c542a5f042d"},
    {file = "simplejson-3.19.3-cp37-cp37m-manylinux_2_17_aarch64.manylinux2014_aarch64.whl", hash = "sha256:7137e69c6781ecf23afab064be94a277236c9cba31aa48ff1a0ec3995c69171e"},
    {file = "simplejson-3.19.3-cp37-cp37m-manylinux_2_17_ppc64le.manylinux2014_ppc64le.whl", hash = "sha256:76f8c28fe2d426182405b18ddf3001fce47835a557dc15c3d8bdea01c03361da"},
    {file = "simplejson-3.19.3-cp37-cp37m-manylinux_2_5_i686.manylinux1_i686.manylinux_2_17_i686.manylinux2014_i686.whl", hash = "sha256:ff7bc1bbdaa3e487c9469128bf39408e91f5573901cb852e03af378d3582c52d"},
    {file = "simplejson-3.19.3-cp37-cp37m-manylinux_2_5_x86_64.manylinux1_x86_64.manylinux_2_17_x86_64.manylinux2014_x86_64.whl", hash = "sha256:a0782cb9bf827f0c488b6aa0f2819f618308a3caf2973cfd792e45d631bec4db"},
    {file = "simplejson-3.19.3-cp37-cp37m-musllinux_1_2_aarch64.whl", hash = "sha256:6fea0716c593dabb4392c4996d4e902a83b2428e6da82938cf28a523a11eb277"},
    {file = "simplejson-3.19.3-cp37-cp37m-musllinux_1_2_i686.whl", hash = "sha256:8f41bb5370b34f63171e65fdb00e12be1d83675cecb23e627df26f4c88dfc021"},
    {file = "simplejson-3.19.3-cp37-cp37m-musllinux_1_2_ppc64le.whl", hash = "sha256:37105d1d708365b91165e1a6e505bdecc88637091348cf4b6adcdcb4f5a5fb8b"},
    {file = "simplejson-3.19.3-cp37-cp37m-musllinux_1_2_x86_64.whl", hash = "sha256:b9198c1f1f8910a3b86b60f4fe2556d9d28d3fefe35bffe6be509a27402e694d"},
    {file = "simplejson-3.19.3-cp37-cp37m-win32.whl", hash = "sha256:bc164f32dd9691e7082ce5df24b4cf8c6c394bbf9bdeeb5d843127cd07ab8ad2"},
    {file = "simplejson-3.19.3-cp37-cp37m-win_amd64.whl", hash = "sha256:1bd41f2cb1a2c57656ceff67b12d005cb255c728265e222027ad73193a04005a"},
    {file = "simplejson-3.19.3-cp38-cp38-macosx_10_9_universal2.whl", hash = "sha256:0733ecd95ae03ae718ec74aad818f5af5f3155d596f7b242acbc1621e765e5fb"},
    {file = "simplejson-3.19.3-cp38-cp38-macosx_10_9_x86_64.whl", hash = "sha256:4a0710d1a5e41c4f829caa1572793dd3130c8d65c2b194c24ff29c4c305c26e0"},
    {file = "simplejson-3.19.3-cp38-cp38-macosx_11_0_arm64.whl", hash = "sha256:1a53a07320c5ff574d8b1a89c937ce33608832f166f39dff0581ac43dc979abd"},
    {file = "simplejson-3.19.3-cp38-cp38-manylinux_2_17_aarch64.manylinux2014_aarch64.whl", hash = "sha256:1773cabfba66a6337b547e45dafbd471b09487370bcab75bd28f626520410d29"},
    {file = "simplejson-3.19.3-cp38-cp38-manylinux_2_17_ppc64le.manylinux2014_ppc64le.whl", hash = "sha256:7c0104b4b7d2c75ccedbf1d9d5a3bd2daa75e51053935a44ba012e2fd4c43752"},
    {file = "simplejson-3.19.3-cp38-cp38-manylinux_2_5_i686.manylinux1_i686.manylinux_2_17_i686.manylinux2014_i686.whl", hash = "sha256:1c49eeb94b8f09dc8a5843c156a22b8bde6aa1ddc65ca8ddc62dddcc001e6a2d"},
    {file = "simplejson-3.19.3-cp38-cp38-manylinux_2_5_x86_64.manylinux1_x86_64.manylinux_2_17_x86_64.manylinux2014_x86_64.whl", hash = "sha256:3dc5c1a85ff388e98ea877042daec3d157b6db0d85bac6ba5498034689793e7e"},
    {file = "simplejson-3.19.3-cp38-cp38-musllinux_1_2_aarch64.whl", hash = "sha256:49549e3d81ab4a58424405aa545602674d8c35c20e986b42bb8668e782a94bac"},
    {file = "simplejson-3.19.3-cp38-cp38-musllinux_1_2_i686.whl", hash = "sha256:e1a1452ad5723ff129b081e3c8aa4ba56b8734fee4223355ed7b815a7ece69bc"},
    {file = "simplejson-3.19.3-cp38-cp38-musllinux_1_2_ppc64le.whl", hash = "sha256:d0d5a63f1768fed7e78cf55712dee81f5a345e34d34224f3507ebf71df2b754d"},
    {file = "simplejson-3.19.3-cp38-cp38-musllinux_1_2_x86_64.whl", hash = "sha256:7e062767ac165df9a46963f5735aa4eee0089ec1e48b3f2ec46182754b96f55e"},
    {file = "simplejson-3.19.3-cp38-cp38-win32.whl", hash = "sha256:56134bbafe458a7b21f6fddbf889d36bec6d903718f4430768e3af822f8e27c2"},
    {file = "simplejson-3.19.3-cp38-cp38-win_amd64.whl", hash = "sha256:bcde83a553a96dc7533736c547bddaa35414a2566ab0ecf7d3964fc4bdb84c11"},
    {file = "simplejson-3.19.3-cp39-cp39-macosx_10_9_universal2.whl", hash = "sha256:b5587feda2b65a79da985ae6d116daf6428bf7489992badc29fc96d16cd27b05"},
    {file = "simplejson-3.19.3-cp39-cp39-macosx_10_9_x86_64.whl", hash = "sha256:e0d2b00ecbcd1a3c5ea1abc8bb99a26508f758c1759fd01c3be482a3655a176f"},
    {file = "simplejson-3.19.3-cp39-cp39-macosx_11_0_arm64.whl", hash = "sha256:32a3ada8f3ea41db35e6d37b86dade03760f804628ec22e4fe775b703d567426"},
    {file = "simplejson-3.19.3-cp39-cp39-manylinux_2_17_aarch64.manylinux2014_aarch64.whl", hash = "sha256:6f455672f4738b0f47183c5896e3606cd65c9ddee3805a4d18e8c96aa3f47c84"},
    {file = "simplejson-3.19.3-cp39-cp39-manylinux_2_17_ppc64le.manylinux2014_ppc64le.whl", hash = "sha256:2b737a5fefedb8333fa50b8db3dcc9b1d18fd6c598f89fa7debff8b46bf4e511"},
    {file = "simplejson-3.19.3-cp39-cp39-manylinux_2_5_i686.manylinux1_i686.manylinux_2_17_i686.manylinux2014_i686.whl", hash = "sha256:eb47ee773ce67476a960e2db4a0a906680c54f662521550828c0cc57d0099426"},
    {file = "simplejson-3.19.3-cp39-cp39-manylinux_2_5_x86_64.manylinux1_x86_64.manylinux_2_17_x86_64.manylinux2014_x86_64.whl", hash = "sha256:eed8cd98a7b24861da9d3d937f5fbfb6657350c547528a117297fe49e3960667"},
    {file = "simplejson-3.19.3-cp39-cp39-musllinux_1_2_aarch64.whl", hash = "sha256:619756f1dd634b5bdf57d9a3914300526c3b348188a765e45b8b08eabef0c94e"},
    {file = "simplejson-3.19.3-cp39-cp39-musllinux_1_2_i686.whl", hash = "sha256:dd7230d061e755d60a4d5445bae854afe33444cdb182f3815cff26ac9fb29a15"},
    {file = "simplejson-3.19.3-cp39-cp39-musllinux_1_2_ppc64le.whl", hash = "sha256:101a3c8392028cd704a93c7cba8926594e775ca3c91e0bee82144e34190903f1"},
    {file = "simplejson-3.19.3-cp39-cp39-musllinux_1_2_x86_64.whl", hash = "sha256:1e557712fc79f251673aeb3fad3501d7d4da3a27eff0857af2e1d1afbbcf6685"},
    {file = "simplejson-3.19.3-cp39-cp39-win32.whl", hash = "sha256:0bc5544e3128891bf613b9f71813ee2ec9c11574806f74dd8bb84e5e95bf64a2"},
    {file = "simplejson-3.19.3-cp39-cp39-win_amd64.whl", hash = "sha256:06662392e4913dc8846d6a71a6d5de86db5fba244831abe1dd741d62a4136764"},
    {file = "simplejson-3.19.3-py3-none-any.whl", hash = "sha256:49cc4c7b940d43bd12bf87ec63f28cbc4964fc4e12c031cc8cd01650f43eb94e"},
    {file = "simplejson-3.19.3.tar.gz", hash = "sha256:8e086896c36210ab6050f2f9f095a5f1e03c83fa0e7f296d6cba425411364680"},
]

[[package]]
name = "toml"
version = "0.10.2"
description = "Python Library for Tom's Obvious, Minimal Language"
optional = false
python-versions = ">=2.6, !=3.0.*, !=3.1.*, !=3.2.*"
files = [
    {file = "toml-0.10.2-py2.py3-none-any.whl", hash = "sha256:806143ae5bfb6a3c6e736a764057db0e6a0e05e338b5630894a5f779cabb4f9b"},
    {file = "toml-0.10.2.tar.gz", hash = "sha256:b3bda1d108d5dd99f4a20d24d9c348e91c4db7ab1b749200bded2f839ccbe68f"},
]

[[package]]
name = "typed-ast"
version = "1.5.0"
description = "a fork of Python 2 and 3 ast modules with type comment support"
optional = false
python-versions = ">=3.6"
files = [
    {file = "typed_ast-1.5.0-cp310-cp310-macosx_10_9_x86_64.whl", hash = "sha256:7b310a207ee9fde3f46ba327989e6cba4195bc0c8c70a158456e7b10233e6bed"},
    {file = "typed_ast-1.5.0-cp310-cp310-macosx_11_0_arm64.whl", hash = "sha256:52ca2b2b524d770bed7a393371a38e91943f9160a190141e0df911586066ecda"},
    {file = "typed_ast-1.5.0-cp310-cp310-manylinux_2_5_x86_64.manylinux1_x86_64.manylinux_2_12_x86_64.manylinux2010_x86_64.whl", hash = "sha256:14fed8820114a389a2b7e91624db5f85f3f6682fda09fe0268a59aabd28fe5f5"},
    {file = "typed_ast-1.5.0-cp310-cp310-win_amd64.whl", hash = "sha256:65c81abbabda7d760df7304d843cc9dbe7ef5d485504ca59a46ae2d1731d2428"},
    {file = "typed_ast-1.5.0-cp36-cp36m-macosx_10_9_x86_64.whl", hash = "sha256:37ba2ab65a0028b1a4f2b61a8fe77f12d242731977d274a03d68ebb751271508"},
    {file = "typed_ast-1.5.0-cp36-cp36m-manylinux_2_5_x86_64.manylinux1_x86_64.manylinux_2_12_x86_64.manylinux2010_x86_64.whl", hash = "sha256:49af5b8f6f03ed1eb89ee06c1d7c2e7c8e743d720c3746a5857609a1abc94c94"},
    {file = "typed_ast-1.5.0-cp36-cp36m-win_amd64.whl", hash = "sha256:e4374a76e61399a173137e7984a1d7e356038cf844f24fd8aea46c8029a2f712"},
    {file = "typed_ast-1.5.0-cp37-cp37m-macosx_10_9_x86_64.whl", hash = "sha256:ea517c2bb11c5e4ba7a83a91482a2837041181d57d3ed0749a6c382a2b6b7086"},
    {file = "typed_ast-1.5.0-cp37-cp37m-manylinux_2_5_x86_64.manylinux1_x86_64.manylinux_2_12_x86_64.manylinux2010_x86_64.whl", hash = "sha256:51040bf45aacefa44fa67fb9ebcd1f2bec73182b99a532c2394eea7dabd18e24"},
    {file = "typed_ast-1.5.0-cp37-cp37m-win_amd64.whl", hash = "sha256:806e0c7346b9b4af8c62d9a29053f484599921a4448c37fbbcbbf15c25138570"},
    {file = "typed_ast-1.5.0-cp38-cp38-macosx_10_9_x86_64.whl", hash = "sha256:a67fd5914603e2165e075f1b12f5a8356bfb9557e8bfb74511108cfbab0f51ed"},
    {file = "typed_ast-1.5.0-cp38-cp38-macosx_11_0_arm64.whl", hash = "sha256:224afecb8b39739f5c9562794a7c98325cb9d972712e1a98b6989a4720219541"},
    {file = "typed_ast-1.5.0-cp38-cp38-manylinux_2_5_x86_64.manylinux1_x86_64.manylinux_2_12_x86_64.manylinux2010_x86_64.whl", hash = "sha256:155b74b078be842d2eb630dd30a280025eca0a5383c7d45853c27afee65f278f"},
    {file = "typed_ast-1.5.0-cp38-cp38-win_amd64.whl", hash = "sha256:361b9e5d27bd8e3ccb6ea6ad6c4f3c0be322a1a0f8177db6d56264fa0ae40410"},
    {file = "typed_ast-1.5.0-cp39-cp39-macosx_10_9_x86_64.whl", hash = "sha256:618912cbc7e17b4aeba86ffe071698c6e2d292acbd6d1d5ec1ee724b8c4ae450"},
    {file = "typed_ast-1.5.0-cp39-cp39-macosx_11_0_arm64.whl", hash = "sha256:7e6731044f748340ef68dcadb5172a4b1f40847a2983fe3983b2a66445fbc8e6"},
    {file = "typed_ast-1.5.0-cp39-cp39-manylinux_2_5_x86_64.manylinux1_x86_64.manylinux_2_12_x86_64.manylinux2010_x86_64.whl", hash = "sha256:e8a9b9c87801cecaad3b4c2b8876387115d1a14caa602c1618cedbb0cb2a14e6"},
    {file = "typed_ast-1.5.0-cp39-cp39-win_amd64.whl", hash = "sha256:ec184dfb5d3d11e82841dbb973e7092b75f306b625fad7b2e665b64c5d60ab3f"},
    {file = "typed_ast-1.5.0.tar.gz", hash = "sha256:ff4ad88271aa7a55f19b6a161ed44e088c393846d954729549e3cde8257747bb"},
]

[[package]]
name = "typing-extensions"
version = "4.0.1"
description = "Backported and Experimental Type Hints for Python 3.6+"
optional = false
python-versions = ">=3.6"
files = [
    {file = "typing_extensions-4.0.1-py3-none-any.whl", hash = "sha256:7f001e5ac290a0c0401508864c7ec868be4e701886d5b573a9528ed3973d9d3b"},
    {file = "typing_extensions-4.0.1.tar.gz", hash = "sha256:4ca091dea149f945ec56afb48dae714f21e8692ef22a395223bcd328961b6a0e"},
]

[[package]]
name = "urllib3"
version = "1.26.18"
description = "HTTP library with thread-safe connection pooling, file post, and more."
optional = false
python-versions = ">=2.7, !=3.0.*, !=3.1.*, !=3.2.*, !=3.3.*, !=3.4.*, !=3.5.*"
files = [
    {file = "urllib3-1.26.18-py2.py3-none-any.whl", hash = "sha256:34b97092d7e0a3a8cf7cd10e386f401b3737364026c45e622aa02903dffe0f07"},
    {file = "urllib3-1.26.18.tar.gz", hash = "sha256:f8ecc1bba5667413457c529ab955bf8c67b45db799d159066261719e328580a0"},
]

[package.extras]
brotli = ["brotli (==1.0.9)", "brotli (>=1.0.9)", "brotlicffi (>=0.8.0)", "brotlipy (>=0.6.0)"]
secure = ["certifi", "cryptography (>=1.3.4)", "idna (>=2.0.0)", "ipaddress", "pyOpenSSL (>=0.14)", "urllib3-secure-extra"]
socks = ["PySocks (>=1.5.6,!=1.5.7,<2.0)"]

[[package]]
name = "zipp"
version = "3.6.0"
description = "Backport of pathlib-compatible object wrapper for zip files"
optional = false
python-versions = ">=3.6"
files = [
    {file = "zipp-3.6.0-py3-none-any.whl", hash = "sha256:9fe5ea21568a0a70e50f273397638d39b03353731e6cbbb3fd8502a33fec40bc"},
    {file = "zipp-3.6.0.tar.gz", hash = "sha256:71c644c5369f4a6e07636f0aa966270449561fcea2e3d6747b8d23efaa9d7832"},
]

[package.extras]
docs = ["jaraco.packaging (>=8.2)", "rst.linker (>=1.9)", "sphinx"]
testing = ["func-timeout", "jaraco.itertools", "pytest (>=4.6)", "pytest-black (>=0.3.7)", "pytest-checkdocs (>=2.4)", "pytest-cov", "pytest-enabler (>=1.0.1)", "pytest-flake8", "pytest-mypy"]

[metadata]
lock-version = "2.0"
python-versions = ">=3.6"
content-hash = "1a7f673c1fbfdba0027807f1c9ad069932d7b729e609c8d0dc802a7455f8083e"
