# This file is automatically @generated by Poetry and should not be changed by hand.

[[package]]
name = "appdirs"
version = "1.4.4"
description = "A small Python module for determining appropriate platform-specific dirs, e.g. a \"user data dir\"."
category = "dev"
optional = false
python-versions = "*"
files = [
    {file = "appdirs-1.4.4-py2.py3-none-any.whl", hash = "sha256:a841dacd6b99318a741b166adb07e19ee71a274450e68237b4650ca1055ab128"},
    {file = "appdirs-1.4.4.tar.gz", hash = "sha256:7d5d0167b2b1ba821647616af46a749d1c653740dd0d2415100fe26e27afdf41"},
]

[[package]]
name = "black"
version = "20.8b1"
description = "The uncompromising code formatter."
category = "dev"
optional = false
python-versions = ">=3.6"
files = [
    {file = "black-20.8b1.tar.gz", hash = "sha256:1c02557aa099101b9d21496f8a914e9ed2222ef70336404eeeac8edba836fbea"},
]

[package.dependencies]
appdirs = "*"
click = ">=7.1.2"
dataclasses = {version = ">=0.6", markers = "python_version < \"3.7\""}
mypy-extensions = ">=0.4.3"
pathspec = ">=0.6,<1"
regex = ">=2020.1.8"
toml = ">=0.10.1"
typed-ast = ">=1.4.0"
typing-extensions = ">=3.7.4"

[package.extras]
colorama = ["colorama (>=0.4.3)"]
d = ["aiohttp (>=3.3.2)", "aiohttp-cors"]

[[package]]
name = "certifi"
version = "2022.12.7"
description = "Python package for providing Mozilla's CA Bundle."
category = "main"
optional = false
python-versions = ">=3.6"
files = [
    {file = "certifi-2022.12.7-py3-none-any.whl", hash = "sha256:4ad3232f5e926d6718ec31cfc1fcadfde020920e278684144551c91769c7bc18"},
    {file = "certifi-2022.12.7.tar.gz", hash = "sha256:35824b4c3a97115964b408844d64aa14db1cc518f6562e8d7261699d1350a9e3"},
]

[[package]]
name = "charset-normalizer"
version = "2.0.8"
description = "The Real First Universal Charset Detector. Open, modern and actively maintained alternative to Chardet."
category = "main"
optional = false
python-versions = ">=3.5.0"
files = [
    {file = "charset-normalizer-2.0.8.tar.gz", hash = "sha256:735e240d9a8506778cd7a453d97e817e536bb1fc29f4f6961ce297b9c7a917b0"},
    {file = "charset_normalizer-2.0.8-py3-none-any.whl", hash = "sha256:83fcdeb225499d6344c8f7f34684c2981270beacc32ede2e669e94f7fa544405"},
]

[package.extras]
unicode-backport = ["unicodedata2"]

[[package]]
name = "click"
version = "8.0.3"
description = "Composable command line interface toolkit"
category = "dev"
optional = false
python-versions = ">=3.6"
files = [
    {file = "click-8.0.3-py3-none-any.whl", hash = "sha256:353f466495adaeb40b6b5f592f9f91cb22372351c84caeb068132442a4518ef3"},
    {file = "click-8.0.3.tar.gz", hash = "sha256:410e932b050f5eed773c4cda94de75971c89cdb3155a72a0831139a79e5ecb5b"},
]

[package.dependencies]
colorama = {version = "*", markers = "platform_system == \"Windows\""}
importlib-metadata = {version = "*", markers = "python_version < \"3.8\""}

[[package]]
name = "colorama"
version = "0.4.4"
description = "Cross-platform colored terminal text."
category = "dev"
optional = false
python-versions = ">=2.7, !=3.0.*, !=3.1.*, !=3.2.*, !=3.3.*, !=3.4.*"
files = [
    {file = "colorama-0.4.4-py2.py3-none-any.whl", hash = "sha256:9f47eda37229f68eee03b24b9748937c7dc3868f906e8ba69fbcbdd3bc5dc3e2"},
    {file = "colorama-0.4.4.tar.gz", hash = "sha256:5941b2b48a20143d2267e95b1c2a7603ce057ee39fd88e7329b0c292aa16869b"},
]

[[package]]
name = "dataclasses"
version = "0.8"
description = "A backport of the dataclasses module for Python 3.6"
category = "dev"
optional = false
python-versions = ">=3.6, <3.7"
files = [
    {file = "dataclasses-0.8-py3-none-any.whl", hash = "sha256:0201d89fa866f68c8ebd9d08ee6ff50c0b255f8ec63a71c16fda7af82bb887bf"},
    {file = "dataclasses-0.8.tar.gz", hash = "sha256:8479067f342acf957dc82ec415d355ab5edb7e7646b90dc6e2fd1d96ad084c97"},
]

[[package]]
name = "flake8"
version = "4.0.1"
description = "the modular source code checker: pep8 pyflakes and co"
category = "dev"
optional = false
python-versions = ">=3.6"
files = [
    {file = "flake8-4.0.1-py2.py3-none-any.whl", hash = "sha256:479b1304f72536a55948cb40a32dce8bb0ffe3501e26eaf292c7e60eb5e0428d"},
    {file = "flake8-4.0.1.tar.gz", hash = "sha256:806e034dda44114815e23c16ef92f95c91e4c71100ff52813adf7132a6ad870d"},
]

[package.dependencies]
importlib-metadata = {version = "<4.3", markers = "python_version < \"3.8\""}
mccabe = ">=0.6.0,<0.7.0"
pycodestyle = ">=2.8.0,<2.9.0"
pyflakes = ">=2.4.0,<2.5.0"

[[package]]
name = "idna"
version = "3.3"
description = "Internationalized Domain Names in Applications (IDNA)"
category = "main"
optional = false
python-versions = ">=3.5"
files = [
    {file = "idna-3.3-py3-none-any.whl", hash = "sha256:84d9dd047ffa80596e0f246e2eab0b391788b0503584e8945f2368256d2735ff"},
    {file = "idna-3.3.tar.gz", hash = "sha256:9d643ff0a55b762d5cdb124b8eaa99c66322e2157b69160bc32796e824360e6d"},
]

[[package]]
name = "importlib-metadata"
version = "4.2.0"
description = "Read metadata from Python packages"
category = "dev"
optional = false
python-versions = ">=3.6"
files = [
    {file = "importlib_metadata-4.2.0-py3-none-any.whl", hash = "sha256:057e92c15bc8d9e8109738a48db0ccb31b4d9d5cfbee5a8670879a30be66304b"},
    {file = "importlib_metadata-4.2.0.tar.gz", hash = "sha256:b7e52a1f8dec14a75ea73e0891f3060099ca1d8e6a462a4dff11c3e119ea1b31"},
]

[package.dependencies]
typing-extensions = {version = ">=3.6.4", markers = "python_version < \"3.8\""}
zipp = ">=0.5"

[package.extras]
docs = ["jaraco.packaging (>=8.2)", "rst.linker (>=1.9)", "sphinx"]
testing = ["flufl.flake8", "importlib-resources (>=1.3)", "packaging", "pep517", "pyfakefs", "pytest (>=4.6)", "pytest-black (>=0.3.7)", "pytest-checkdocs (>=2.4)", "pytest-cov", "pytest-enabler (>=1.0.1)", "pytest-flake8", "pytest-mypy"]

[[package]]
name = "mccabe"
version = "0.6.1"
description = "McCabe checker, plugin for flake8"
category = "dev"
optional = false
python-versions = "*"
files = [
    {file = "mccabe-0.6.1-py2.py3-none-any.whl", hash = "sha256:ab8a6258860da4b6677da4bd2fe5dc2c659cff31b3ee4f7f5d64e79735b80d42"},
    {file = "mccabe-0.6.1.tar.gz", hash = "sha256:dd8d182285a0fe56bace7f45b5e7d1a6ebcbf524e8f3bd87eb0f125271b8831f"},
]

[[package]]
name = "mypy-extensions"
version = "0.4.3"
description = "Experimental type system extensions for programs checked with the mypy typechecker."
category = "dev"
optional = false
python-versions = "*"
files = [
    {file = "mypy_extensions-0.4.3-py2.py3-none-any.whl", hash = "sha256:090fedd75945a69ae91ce1303b5824f428daf5a028d2f6ab8a299250a846f15d"},
    {file = "mypy_extensions-0.4.3.tar.gz", hash = "sha256:2d82818f5bb3e369420cb3c4060a7970edba416647068eb4c5343488a6c604a8"},
]

[[package]]
name = "pathspec"
version = "0.9.0"
description = "Utility library for gitignore style pattern matching of file paths."
category = "dev"
optional = false
python-versions = "!=3.0.*,!=3.1.*,!=3.2.*,!=3.3.*,!=3.4.*,>=2.7"
files = [
    {file = "pathspec-0.9.0-py2.py3-none-any.whl", hash = "sha256:7d15c4ddb0b5c802d161efc417ec1a2558ea2653c2e8ad9c19098201dc1c993a"},
    {file = "pathspec-0.9.0.tar.gz", hash = "sha256:e564499435a2673d586f6b2130bb5b95f04a3ba06f81b8f895b651a3c76aabb1"},
]

[[package]]
name = "pycodestyle"
version = "2.8.0"
description = "Python style guide checker"
category = "dev"
optional = false
python-versions = ">=2.7, !=3.0.*, !=3.1.*, !=3.2.*, !=3.3.*, !=3.4.*"
files = [
    {file = "pycodestyle-2.8.0-py2.py3-none-any.whl", hash = "sha256:720f8b39dde8b293825e7ff02c475f3077124006db4f440dcbc9a20b76548a20"},
    {file = "pycodestyle-2.8.0.tar.gz", hash = "sha256:eddd5847ef438ea1c7870ca7eb78a9d47ce0cdb4851a5523949f2601d0cbbe7f"},
]

[[package]]
name = "pyflakes"
version = "2.4.0"
description = "passive checker of Python programs"
category = "dev"
optional = false
python-versions = ">=2.7, !=3.0.*, !=3.1.*, !=3.2.*, !=3.3.*"
files = [
    {file = "pyflakes-2.4.0-py2.py3-none-any.whl", hash = "sha256:3bb3a3f256f4b7968c9c788781e4ff07dce46bdf12339dcda61053375426ee2e"},
    {file = "pyflakes-2.4.0.tar.gz", hash = "sha256:05a85c2872edf37a4ed30b0cce2f6093e1d0581f8c19d7393122da7e25b2b24c"},
]

[[package]]
name = "regex"
version = "2021.11.10"
description = "Alternative regular expression module, to replace re."
category = "dev"
optional = false
python-versions = "*"
files = [
    {file = "regex-2021.11.10-cp310-cp310-macosx_10_9_x86_64.whl", hash = "sha256:9345b6f7ee578bad8e475129ed40123d265464c4cfead6c261fd60fc9de00bcf"},
    {file = "regex-2021.11.10-cp310-cp310-macosx_11_0_arm64.whl", hash = "sha256:416c5f1a188c91e3eb41e9c8787288e707f7d2ebe66e0a6563af280d9b68478f"},
    {file = "regex-2021.11.10-cp310-cp310-manylinux_2_17_aarch64.manylinux2014_aarch64.whl", hash = "sha256:e0538c43565ee6e703d3a7c3bdfe4037a5209250e8502c98f20fea6f5fdf2965"},
    {file = "regex-2021.11.10-cp310-cp310-manylinux_2_17_ppc64le.manylinux2014_ppc64le.whl", hash = "sha256:7ee1227cf08b6716c85504aebc49ac827eb88fcc6e51564f010f11a406c0a667"},
    {file = "regex-2021.11.10-cp310-cp310-manylinux_2_17_s390x.manylinux2014_s390x.whl", hash = "sha256:6650f16365f1924d6014d2ea770bde8555b4a39dc9576abb95e3cd1ff0263b36"},
    {file = "regex-2021.11.10-cp310-cp310-manylinux_2_17_x86_64.manylinux2014_x86_64.whl", hash = "sha256:30ab804ea73972049b7a2a5c62d97687d69b5a60a67adca07eb73a0ddbc9e29f"},
    {file = "regex-2021.11.10-cp310-cp310-manylinux_2_5_i686.manylinux1_i686.manylinux_2_17_i686.manylinux2014_i686.whl", hash = "sha256:68a067c11463de2a37157930d8b153005085e42bcb7ad9ca562d77ba7d1404e0"},
    {file = "regex-2021.11.10-cp310-cp310-manylinux_2_5_x86_64.manylinux1_x86_64.manylinux_2_12_x86_64.manylinux2010_x86_64.whl", hash = "sha256:162abfd74e88001d20cb73ceaffbfe601469923e875caf9118333b1a4aaafdc4"},
    {file = "regex-2021.11.10-cp310-cp310-musllinux_1_1_aarch64.whl", hash = "sha256:b9ed0b1e5e0759d6b7f8e2f143894b2a7f3edd313f38cf44e1e15d360e11749b"},
    {file = "regex-2021.11.10-cp310-cp310-musllinux_1_1_i686.whl", hash = "sha256:473e67837f786404570eae33c3b64a4b9635ae9f00145250851a1292f484c063"},
    {file = "regex-2021.11.10-cp310-cp310-musllinux_1_1_ppc64le.whl", hash = "sha256:2fee3ed82a011184807d2127f1733b4f6b2ff6ec7151d83ef3477f3b96a13d03"},
    {file = "regex-2021.11.10-cp310-cp310-musllinux_1_1_s390x.whl", hash = "sha256:d5fd67df77bab0d3f4ea1d7afca9ef15c2ee35dfb348c7b57ffb9782a6e4db6e"},
    {file = "regex-2021.11.10-cp310-cp310-musllinux_1_1_x86_64.whl", hash = "sha256:5d408a642a5484b9b4d11dea15a489ea0928c7e410c7525cd892f4d04f2f617b"},
    {file = "regex-2021.11.10-cp310-cp310-win32.whl", hash = "sha256:98ba568e8ae26beb726aeea2273053c717641933836568c2a0278a84987b2a1a"},
    {file = "regex-2021.11.10-cp310-cp310-win_amd64.whl", hash = "sha256:780b48456a0f0ba4d390e8b5f7c661fdd218934388cde1a974010a965e200e12"},
    {file = "regex-2021.11.10-cp36-cp36m-macosx_10_9_x86_64.whl", hash = "sha256:dba70f30fd81f8ce6d32ddeef37d91c8948e5d5a4c63242d16a2b2df8143aafc"},
    {file = "regex-2021.11.10-cp36-cp36m-manylinux_2_17_aarch64.manylinux2014_aarch64.whl", hash = "sha256:e1f54b9b4b6c53369f40028d2dd07a8c374583417ee6ec0ea304e710a20f80a0"},
    {file = "regex-2021.11.10-cp36-cp36m-manylinux_2_17_ppc64le.manylinux2014_ppc64le.whl", hash = "sha256:fbb9dc00e39f3e6c0ef48edee202f9520dafb233e8b51b06b8428cfcb92abd30"},
    {file = "regex-2021.11.10-cp36-cp36m-manylinux_2_17_s390x.manylinux2014_s390x.whl", hash = "sha256:666abff54e474d28ff42756d94544cdfd42e2ee97065857413b72e8a2d6a6345"},
    {file = "regex-2021.11.10-cp36-cp36m-manylinux_2_17_x86_64.manylinux2014_x86_64.whl", hash = "sha256:5537f71b6d646f7f5f340562ec4c77b6e1c915f8baae822ea0b7e46c1f09b733"},
    {file = "regex-2021.11.10-cp36-cp36m-manylinux_2_5_i686.manylinux1_i686.manylinux_2_17_i686.manylinux2014_i686.whl", hash = "sha256:ed2e07c6a26ed4bea91b897ee2b0835c21716d9a469a96c3e878dc5f8c55bb23"},
    {file = "regex-2021.11.10-cp36-cp36m-manylinux_2_5_x86_64.manylinux1_x86_64.manylinux_2_12_x86_64.manylinux2010_x86_64.whl", hash = "sha256:ca5f18a75e1256ce07494e245cdb146f5a9267d3c702ebf9b65c7f8bd843431e"},
    {file = "regex-2021.11.10-cp36-cp36m-musllinux_1_1_aarch64.whl", hash = "sha256:74cbeac0451f27d4f50e6e8a8f3a52ca074b5e2da9f7b505c4201a57a8ed6286"},
    {file = "regex-2021.11.10-cp36-cp36m-musllinux_1_1_i686.whl", hash = "sha256:3598893bde43091ee5ca0a6ad20f08a0435e93a69255eeb5f81b85e81e329264"},
    {file = "regex-2021.11.10-cp36-cp36m-musllinux_1_1_ppc64le.whl", hash = "sha256:50a7ddf3d131dc5633dccdb51417e2d1910d25cbcf842115a3a5893509140a3a"},
    {file = "regex-2021.11.10-cp36-cp36m-musllinux_1_1_s390x.whl", hash = "sha256:61600a7ca4bcf78a96a68a27c2ae9389763b5b94b63943d5158f2a377e09d29a"},
    {file = "regex-2021.11.10-cp36-cp36m-musllinux_1_1_x86_64.whl", hash = "sha256:563d5f9354e15e048465061509403f68424fef37d5add3064038c2511c8f5e00"},
    {file = "regex-2021.11.10-cp36-cp36m-win32.whl", hash = "sha256:93a5051fcf5fad72de73b96f07d30bc29665697fb8ecdfbc474f3452c78adcf4"},
    {file = "regex-2021.11.10-cp36-cp36m-win_amd64.whl", hash = "sha256:b483c9d00a565633c87abd0aaf27eb5016de23fed952e054ecc19ce32f6a9e7e"},
    {file = "regex-2021.11.10-cp37-cp37m-macosx_10_9_x86_64.whl", hash = "sha256:fff55f3ce50a3ff63ec8e2a8d3dd924f1941b250b0aac3d3d42b687eeff07a8e"},
    {file = "regex-2021.11.10-cp37-cp37m-manylinux_2_17_aarch64.manylinux2014_aarch64.whl", hash = "sha256:e32d2a2b02ccbef10145df9135751abea1f9f076e67a4e261b05f24b94219e36"},
    {file = "regex-2021.11.10-cp37-cp37m-manylinux_2_17_ppc64le.manylinux2014_ppc64le.whl", hash = "sha256:53db2c6be8a2710b359bfd3d3aa17ba38f8aa72a82309a12ae99d3c0c3dcd74d"},
    {file = "regex-2021.11.10-cp37-cp37m-manylinux_2_17_s390x.manylinux2014_s390x.whl", hash = "sha256:2207ae4f64ad3af399e2d30dde66f0b36ae5c3129b52885f1bffc2f05ec505c8"},
    {file = "regex-2021.11.10-cp37-cp37m-manylinux_2_17_x86_64.manylinux2014_x86_64.whl", hash = "sha256:d5ca078bb666c4a9d1287a379fe617a6dccd18c3e8a7e6c7e1eb8974330c626a"},
    {file = "regex-2021.11.10-cp37-cp37m-manylinux_2_5_i686.manylinux1_i686.manylinux_2_17_i686.manylinux2014_i686.whl", hash = "sha256:dd33eb9bdcfbabab3459c9ee651d94c842bc8a05fabc95edf4ee0c15a072495e"},
    {file = "regex-2021.11.10-cp37-cp37m-manylinux_2_5_x86_64.manylinux1_x86_64.manylinux_2_12_x86_64.manylinux2010_x86_64.whl", hash = "sha256:05b7d6d7e64efe309972adab77fc2af8907bb93217ec60aa9fe12a0dad35874f"},
    {file = "regex-2021.11.10-cp37-cp37m-musllinux_1_1_aarch64.whl", hash = "sha256:42b50fa6666b0d50c30a990527127334d6b96dd969011e843e726a64011485da"},
    {file = "regex-2021.11.10-cp37-cp37m-musllinux_1_1_i686.whl", hash = "sha256:6e1d2cc79e8dae442b3fa4a26c5794428b98f81389af90623ffcc650ce9f6732"},
    {file = "regex-2021.11.10-cp37-cp37m-musllinux_1_1_ppc64le.whl", hash = "sha256:0416f7399e918c4b0e074a0f66e5191077ee2ca32a0f99d4c187a62beb47aa05"},
    {file = "regex-2021.11.10-cp37-cp37m-musllinux_1_1_s390x.whl", hash = "sha256:ce298e3d0c65bd03fa65ffcc6db0e2b578e8f626d468db64fdf8457731052942"},
    {file = "regex-2021.11.10-cp37-cp37m-musllinux_1_1_x86_64.whl", hash = "sha256:dc07f021ee80510f3cd3af2cad5b6a3b3a10b057521d9e6aaeb621730d320c5a"},
    {file = "regex-2021.11.10-cp37-cp37m-win32.whl", hash = "sha256:e71255ba42567d34a13c03968736c5d39bb4a97ce98188fafb27ce981115beec"},
    {file = "regex-2021.11.10-cp37-cp37m-win_amd64.whl", hash = "sha256:07856afef5ffcc052e7eccf3213317fbb94e4a5cd8177a2caa69c980657b3cb4"},
    {file = "regex-2021.11.10-cp38-cp38-macosx_10_9_x86_64.whl", hash = "sha256:ba05430e819e58544e840a68b03b28b6d328aff2e41579037e8bab7653b37d83"},
    {file = "regex-2021.11.10-cp38-cp38-macosx_11_0_arm64.whl", hash = "sha256:7f301b11b9d214f83ddaf689181051e7f48905568b0c7017c04c06dfd065e244"},
    {file = "regex-2021.11.10-cp38-cp38-manylinux_2_17_aarch64.manylinux2014_aarch64.whl", hash = "sha256:4aaa4e0705ef2b73dd8e36eeb4c868f80f8393f5f4d855e94025ce7ad8525f50"},
    {file = "regex-2021.11.10-cp38-cp38-manylinux_2_17_ppc64le.manylinux2014_ppc64le.whl", hash = "sha256:788aef3549f1924d5c38263104dae7395bf020a42776d5ec5ea2b0d3d85d6646"},
    {file = "regex-2021.11.10-cp38-cp38-manylinux_2_17_s390x.manylinux2014_s390x.whl", hash = "sha256:f8af619e3be812a2059b212064ea7a640aff0568d972cd1b9e920837469eb3cb"},
    {file = "regex-2021.11.10-cp38-cp38-manylinux_2_17_x86_64.manylinux2014_x86_64.whl", hash = "sha256:85bfa6a5413be0ee6c5c4a663668a2cad2cbecdee367630d097d7823041bdeec"},
    {file = "regex-2021.11.10-cp38-cp38-manylinux_2_5_i686.manylinux1_i686.manylinux_2_17_i686.manylinux2014_i686.whl", hash = "sha256:f23222527b307970e383433daec128d769ff778d9b29343fb3496472dc20dabe"},
    {file = "regex-2021.11.10-cp38-cp38-manylinux_2_5_x86_64.manylinux1_x86_64.manylinux_2_12_x86_64.manylinux2010_x86_64.whl", hash = "sha256:da1a90c1ddb7531b1d5ff1e171b4ee61f6345119be7351104b67ff413843fe94"},
    {file = "regex-2021.11.10-cp38-cp38-musllinux_1_1_aarch64.whl", hash = "sha256:f5be7805e53dafe94d295399cfbe5227f39995a997f4fd8539bf3cbdc8f47ca8"},
    {file = "regex-2021.11.10-cp38-cp38-musllinux_1_1_i686.whl", hash = "sha256:a955b747d620a50408b7fdf948e04359d6e762ff8a85f5775d907ceced715129"},
    {file = "regex-2021.11.10-cp38-cp38-musllinux_1_1_ppc64le.whl", hash = "sha256:139a23d1f5d30db2cc6c7fd9c6d6497872a672db22c4ae1910be22d4f4b2068a"},
    {file = "regex-2021.11.10-cp38-cp38-musllinux_1_1_s390x.whl", hash = "sha256:ca49e1ab99593438b204e00f3970e7a5f70d045267051dfa6b5f4304fcfa1dbf"},
    {file = "regex-2021.11.10-cp38-cp38-musllinux_1_1_x86_64.whl", hash = "sha256:96fc32c16ea6d60d3ca7f63397bff5c75c5a562f7db6dec7d412f7c4d2e78ec0"},
    {file = "regex-2021.11.10-cp38-cp38-win32.whl", hash = "sha256:0617383e2fe465732af4509e61648b77cbe3aee68b6ac8c0b6fe934db90be5cc"},
    {file = "regex-2021.11.10-cp38-cp38-win_amd64.whl", hash = "sha256:a3feefd5e95871872673b08636f96b61ebef62971eab044f5124fb4dea39919d"},
    {file = "regex-2021.11.10-cp39-cp39-macosx_10_9_x86_64.whl", hash = "sha256:f7f325be2804246a75a4f45c72d4ce80d2443ab815063cdf70ee8fb2ca59ee1b"},
    {file = "regex-2021.11.10-cp39-cp39-macosx_11_0_arm64.whl", hash = "sha256:537ca6a3586931b16a85ac38c08cc48f10fc870a5b25e51794c74df843e9966d"},
    {file = "regex-2021.11.10-cp39-cp39-manylinux_2_17_aarch64.manylinux2014_aarch64.whl", hash = "sha256:eef2afb0fd1747f33f1ee3e209bce1ed582d1896b240ccc5e2697e3275f037c7"},
    {file = "regex-2021.11.10-cp39-cp39-manylinux_2_17_ppc64le.manylinux2014_ppc64le.whl", hash = "sha256:432bd15d40ed835a51617521d60d0125867f7b88acf653e4ed994a1f8e4995dc"},
    {file = "regex-2021.11.10-cp39-cp39-manylinux_2_17_s390x.manylinux2014_s390x.whl", hash = "sha256:b43c2b8a330a490daaef5a47ab114935002b13b3f9dc5da56d5322ff218eeadb"},
    {file = "regex-2021.11.10-cp39-cp39-manylinux_2_17_x86_64.manylinux2014_x86_64.whl", hash = "sha256:962b9a917dd7ceacbe5cd424556914cb0d636001e393b43dc886ba31d2a1e449"},
    {file = "regex-2021.11.10-cp39-cp39-manylinux_2_5_i686.manylinux1_i686.manylinux_2_17_i686.manylinux2014_i686.whl", hash = "sha256:fa8c626d6441e2d04b6ee703ef2d1e17608ad44c7cb75258c09dd42bacdfc64b"},
    {file = "regex-2021.11.10-cp39-cp39-manylinux_2_5_x86_64.manylinux1_x86_64.manylinux_2_12_x86_64.manylinux2010_x86_64.whl", hash = "sha256:3c5fb32cc6077abad3bbf0323067636d93307c9fa93e072771cf9a64d1c0f3ef"},
    {file = "regex-2021.11.10-cp39-cp39-musllinux_1_1_aarch64.whl", hash = "sha256:cd410a1cbb2d297c67d8521759ab2ee3f1d66206d2e4328502a487589a2cb21b"},
    {file = "regex-2021.11.10-cp39-cp39-musllinux_1_1_i686.whl", hash = "sha256:e6096b0688e6e14af6a1b10eaad86b4ff17935c49aa774eac7c95a57a4e8c296"},
    {file = "regex-2021.11.10-cp39-cp39-musllinux_1_1_ppc64le.whl", hash = "sha256:529801a0d58809b60b3531ee804d3e3be4b412c94b5d267daa3de7fadef00f49"},
    {file = "regex-2021.11.10-cp39-cp39-musllinux_1_1_s390x.whl", hash = "sha256:0f594b96fe2e0821d026365f72ac7b4f0b487487fb3d4aaf10dd9d97d88a9737"},
    {file = "regex-2021.11.10-cp39-cp39-musllinux_1_1_x86_64.whl", hash = "sha256:2409b5c9cef7054dde93a9803156b411b677affc84fca69e908b1cb2c540025d"},
    {file = "regex-2021.11.10-cp39-cp39-win32.whl", hash = "sha256:3b5df18db1fccd66de15aa59c41e4f853b5df7550723d26aa6cb7f40e5d9da5a"},
    {file = "regex-2021.11.10-cp39-cp39-win_amd64.whl", hash = "sha256:83ee89483672b11f8952b158640d0c0ff02dc43d9cb1b70c1564b49abe92ce29"},
    {file = "regex-2021.11.10.tar.gz", hash = "sha256:f341ee2df0999bfdf7a95e448075effe0db212a59387de1a70690e4acb03d4c6"},
]

[[package]]
name = "requests"
version = "2.27.1"
description = "Python HTTP for Humans."
category = "main"
optional = false
python-versions = ">=2.7, !=3.0.*, !=3.1.*, !=3.2.*, !=3.3.*, !=3.4.*, !=3.5.*"
files = [
    {file = "requests-2.27.1-py2.py3-none-any.whl", hash = "sha256:f22fa1e554c9ddfd16e6e41ac79759e17be9e492b3587efa038054674760e72d"},
    {file = "requests-2.27.1.tar.gz", hash = "sha256:68d7c56fd5a8999887728ef304a6d12edc7be74f1cfa47714fc8b414525c9a61"},
]

[package.dependencies]
certifi = ">=2017.4.17"
charset-normalizer = {version = ">=2.0.0,<2.1.0", markers = "python_version >= \"3\""}
idna = {version = ">=2.5,<4", markers = "python_version >= \"3\""}
urllib3 = ">=1.21.1,<1.27"

[package.extras]
socks = ["PySocks (>=1.5.6,!=1.5.7)", "win-inet-pton"]
use-chardet-on-py3 = ["chardet (>=3.0.2,<5)"]

[[package]]
name = "simplejson"
version = "3.18.4"
description = "Simple, fast, extensible JSON encoder/decoder for Python"
category = "main"
optional = false
python-versions = ">=2.5, !=3.0.*, !=3.1.*, !=3.2.*"
files = [
    {file = "simplejson-3.18.4-cp27-cp27m-macosx_10_9_x86_64.whl", hash = "sha256:8f381747c2edebe3c750a571e55103bfcc33b2707a9b91ae033ab9ba718d976a"},
    {file = "simplejson-3.18.4-cp27-cp27m-manylinux1_i686.whl", hash = "sha256:094275b1b8f003afce1167c8a674cd1ee2fd48c566632dac5d149901d5012ff8"},
    {file = "simplejson-3.18.4-cp27-cp27m-manylinux1_x86_64.whl", hash = "sha256:676e8c182f8079851f12ae1cee2fcebe04def2da2a5703a9d747ab125af47732"},
    {file = "simplejson-3.18.4-cp27-cp27m-manylinux2010_i686.whl", hash = "sha256:4b5df4ee48403885046c6f4fd8adc84c4ac0adec69482f22a17bd4ba52876341"},
    {file = "simplejson-3.18.4-cp27-cp27m-manylinux2010_x86_64.whl", hash = "sha256:edb334cab35dcd90eb563fdacb085f10e5dd0b1acb57fa43f8933308b42a8f88"},
    {file = "simplejson-3.18.4-cp27-cp27mu-manylinux1_i686.whl", hash = "sha256:b6c6cfc492710d8f0303705fa1ff7bb3d6a145f523384e45a6f3b13ada37021f"},
    {file = "simplejson-3.18.4-cp27-cp27mu-manylinux1_x86_64.whl", hash = "sha256:ced906b172bfad62736a27cfafcb6e24bc9938533b0529ff8150f7926fe35b54"},
    {file = "simplejson-3.18.4-cp27-cp27mu-manylinux2010_i686.whl", hash = "sha256:7701a289d45fdfeb37f1d15cf638801cea439df667a613379443772a86e82936"},
    {file = "simplejson-3.18.4-cp27-cp27mu-manylinux2010_x86_64.whl", hash = "sha256:e2f87a483c4ab0bb2a9adc9ca09173e7f7cf3696e4fa67bd45a6b33181e57921"},
    {file = "simplejson-3.18.4-cp310-cp310-macosx_10_9_universal2.whl", hash = "sha256:c0444423129df448788edc66a129bc7560ad7d6a661d74f0900959c0b44349a1"},
    {file = "simplejson-3.18.4-cp310-cp310-macosx_10_9_x86_64.whl", hash = "sha256:29a86bc9c8a913a4e0ffab85c563a7505cdf4bd13fba05342f8314facc0b7586"},
    {file = "simplejson-3.18.4-cp310-cp310-macosx_11_0_arm64.whl", hash = "sha256:e2fa1ee5ca34ab2ecfbe3f7a7e952a1ecaebb5b4818f002b5b146324912ac3d5"},
    {file = "simplejson-3.18.4-cp310-cp310-manylinux_2_17_aarch64.manylinux2014_aarch64.whl", hash = "sha256:b17026f3f349a6e87818cd3531e3bbb5cc78a6f4b2b6718f574a8e0512d71e08"},
    {file = "simplejson-3.18.4-cp310-cp310-manylinux_2_17_ppc64le.manylinux2014_ppc64le.whl", hash = "sha256:a255d30cda6334ba780eb40a56e8134efd3453948b995d3966e45212e34bf018"},
    {file = "simplejson-3.18.4-cp310-cp310-manylinux_2_5_i686.manylinux1_i686.manylinux_2_17_i686.manylinux2014_i686.whl", hash = "sha256:d9f0dfde448611f4f818da05f9b544a78f29355dc39151b0dad8e7c65c513e4f"},
    {file = "simplejson-3.18.4-cp310-cp310-manylinux_2_5_x86_64.manylinux1_x86_64.manylinux_2_17_x86_64.manylinux2014_x86_64.whl", hash = "sha256:f1085cadec0f7e76377951d7a87744628c90ac6cc634fc97eecce0c4d41ec563"},
    {file = "simplejson-3.18.4-cp310-cp310-musllinux_1_1_aarch64.whl", hash = "sha256:f15f56b3119fb71fa57eb4613bcd87eb7df6c2f3547de7d341853d3e50cef97e"},
    {file = "simplejson-3.18.4-cp310-cp310-musllinux_1_1_i686.whl", hash = "sha256:695da62e494e4689ab78fae173a78390a175b6a5ccc4292277ce0f8dba3945d5"},
    {file = "simplejson-3.18.4-cp310-cp310-musllinux_1_1_ppc64le.whl", hash = "sha256:097e48686e49026836ef384c7c10ca670acc023cb16a976a689c2eb6c1852df4"},
    {file = "simplejson-3.18.4-cp310-cp310-musllinux_1_1_x86_64.whl", hash = "sha256:a56005332d70b8d02d476d4a85818b27b01e51dac1a21d5c1a1d8a5df2efb4a6"},
    {file = "simplejson-3.18.4-cp310-cp310-win32.whl", hash = "sha256:3d549efc7e8f9a180c59462b124991b690ff25c235d5cf495c3246c66a7679cd"},
    {file = "simplejson-3.18.4-cp310-cp310-win_amd64.whl", hash = "sha256:bd694c465cc61fa8e599355e535b6eb561279834d9883aeef08d0e86c44c300c"},
    {file = "simplejson-3.18.4-cp311-cp311-macosx_10_9_universal2.whl", hash = "sha256:ad37f25fd8dfbed80815c3281b82a165be2a74e663856b9a50099d18789987bc"},
    {file = "simplejson-3.18.4-cp311-cp311-macosx_10_9_x86_64.whl", hash = "sha256:2362c66d2c633925d90f2f177f05e0570d320d986130d34dff9ad6edbf7be8ac"},
    {file = "simplejson-3.18.4-cp311-cp311-macosx_11_0_arm64.whl", hash = "sha256:30e381471158290ccb79bd31e7bbda4c8f2cf7e1a5f6b557c1b97d6036ccd05b"},
    {file = "simplejson-3.18.4-cp311-cp311-manylinux_2_17_aarch64.manylinux2014_aarch64.whl", hash = "sha256:5d45ed9452a42064805143480397b586ea2ea322f4b8b69034c51181e7f38342"},
    {file = "simplejson-3.18.4-cp311-cp311-manylinux_2_17_ppc64le.manylinux2014_ppc64le.whl", hash = "sha256:0dcc54e7cfbd9674ec4ca181e26eaa5b038446601faeaa6c83d146ddef2f2652"},
    {file = "simplejson-3.18.4-cp311-cp311-manylinux_2_5_i686.manylinux1_i686.manylinux_2_17_i686.manylinux2014_i686.whl", hash = "sha256:05a668d4a93816fb8a644e90e7987aa3beeb9d2112ca50a474d41e6acb5bb88a"},
    {file = "simplejson-3.18.4-cp311-cp311-manylinux_2_5_x86_64.manylinux1_x86_64.manylinux_2_17_x86_64.manylinux2014_x86_64.whl", hash = "sha256:da6dc0cb00ef1e1a8daf285074ca8b2bb89591170c42ceab0c37bcdb9adc802c"},
    {file = "simplejson-3.18.4-cp311-cp311-musllinux_1_1_aarch64.whl", hash = "sha256:f31e126204ec38f92dee119af87cf881044ef7dea6f7477ef774ed3d84199c24"},
    {file = "simplejson-3.18.4-cp311-cp311-musllinux_1_1_i686.whl", hash = "sha256:fb0f8b35c11fd8e4b924f974d331b20fa54555282451db7f2a3b24bd2d33cc11"},
    {file = "simplejson-3.18.4-cp311-cp311-musllinux_1_1_ppc64le.whl", hash = "sha256:2d1b47f768e1f4c1c8a9457effabed735939401e85c0ddcdf68444c88a9242e6"},
    {file = "simplejson-3.18.4-cp311-cp311-musllinux_1_1_x86_64.whl", hash = "sha256:6d65ea4582b47d77e9094c22eb0aeded0ebd96c1df86e988870b40c6514c6e21"},
    {file = "simplejson-3.18.4-cp311-cp311-win32.whl", hash = "sha256:32de1672f91a789cc9e1c36c406b2d75457a242d64e9e73a70b9b814ef00095e"},
    {file = "simplejson-3.18.4-cp311-cp311-win_amd64.whl", hash = "sha256:c37b092d29741096c4723f48924a80b1d3de62ca1de254ce88178fa083dd520c"},
    {file = "simplejson-3.18.4-cp36-cp36m-macosx_10_9_x86_64.whl", hash = "sha256:706a7fc81ceeb321a1040d008b134056012188f95a5c31ad94fb03153b35cc84"},
    {file = "simplejson-3.18.4-cp36-cp36m-manylinux_2_17_aarch64.manylinux2014_aarch64.whl", hash = "sha256:ab64f087c5863ac621b42e227e5a43bd9b28de581afe7be12ad96562b9be8203"},
    {file = "simplejson-3.18.4-cp36-cp36m-manylinux_2_17_ppc64le.manylinux2014_ppc64le.whl", hash = "sha256:7f27a079cb009ba569983061a50a9270b7e1d35f81e4eeaf0e26f8924027e550"},
    {file = "simplejson-3.18.4-cp36-cp36m-manylinux_2_5_i686.manylinux1_i686.manylinux_2_17_i686.manylinux2014_i686.whl", hash = "sha256:93ba80fbf959b5852554f23201a5f4b30885930c303546ffa883859a435ea3cf"},
    {file = "simplejson-3.18.4-cp36-cp36m-manylinux_2_5_x86_64.manylinux1_x86_64.manylinux_2_17_x86_64.manylinux2014_x86_64.whl", hash = "sha256:0cdb5069870f7d26a34e5adc30672d0a7b26e652720530a023bb3a8d8a42e37f"},
    {file = "simplejson-3.18.4-cp36-cp36m-musllinux_1_1_aarch64.whl", hash = "sha256:340b7d085b4a5063aacb8664b1250e4a7426c16e1cc80705c548a229153af147"},
    {file = "simplejson-3.18.4-cp36-cp36m-musllinux_1_1_i686.whl", hash = "sha256:b9893852c559998f667e6434d2c2474518d4cdfd1b9cec8e57b3c9d577ba55c1"},
    {file = "simplejson-3.18.4-cp36-cp36m-musllinux_1_1_ppc64le.whl", hash = "sha256:efae49d0148ec68b6e012f1b9e19bd530f4dced378ba919e3e906ae2b829cc31"},
    {file = "simplejson-3.18.4-cp36-cp36m-musllinux_1_1_x86_64.whl", hash = "sha256:a89d7fe994b115f0a792e6673f387af3db812a1760d594abad51e0ea11d3e470"},
    {file = "simplejson-3.18.4-cp36-cp36m-win32.whl", hash = "sha256:44058bea97429cfa0d6fb1d8eb0736a77022f34a326d5bc64fd6fed8d9304571"},
    {file = "simplejson-3.18.4-cp36-cp36m-win_amd64.whl", hash = "sha256:f85d87986ca375b8305b5c4f166783b8db383a6469e8b99b8dba22878388f234"},
    {file = "simplejson-3.18.4-cp37-cp37m-macosx_10_9_x86_64.whl", hash = "sha256:a3bba99178f1b25878752a8bc6da2f93fbae754ebd4914d2ac4b869b9fb24102"},
    {file = "simplejson-3.18.4-cp37-cp37m-manylinux_2_17_aarch64.manylinux2014_aarch64.whl", hash = "sha256:d5f67bffa6fc68e391b2250e1feb43d534ded64a7b918eb89cf7e3e679759d94"},
    {file = "simplejson-3.18.4-cp37-cp37m-manylinux_2_17_ppc64le.manylinux2014_ppc64le.whl", hash = "sha256:a8ac155e3fd3b54a63040df024e57e62c130b15a2fc66eff3c2a946f42beed52"},
    {file = "simplejson-3.18.4-cp37-cp37m-manylinux_2_5_i686.manylinux1_i686.manylinux_2_17_i686.manylinux2014_i686.whl", hash = "sha256:682b202f56d9d9e1bb22eaca3e37321002223fd5ddef7189b9233e3c14079917"},
    {file = "simplejson-3.18.4-cp37-cp37m-manylinux_2_5_x86_64.manylinux1_x86_64.manylinux_2_17_x86_64.manylinux2014_x86_64.whl", hash = "sha256:3dbfaa79b1c0efdb768392a19110f1aff793f3e8d43f57e292f46734b8affb45"},
    {file = "simplejson-3.18.4-cp37-cp37m-musllinux_1_1_aarch64.whl", hash = "sha256:7339bd6203351555c1e728acd601ba95ebce0f6041ebdb386e025f00af3f1769"},
    {file = "simplejson-3.18.4-cp37-cp37m-musllinux_1_1_i686.whl", hash = "sha256:544e5607142d66a469ecf78a3154ec0f915834dc3b8cfdb2677a78ca58319ad6"},
    {file = "simplejson-3.18.4-cp37-cp37m-musllinux_1_1_ppc64le.whl", hash = "sha256:56d36f47bc7c7684504f0f18feb161a0b1162546b3622e45aa6155f8285180ac"},
    {file = "simplejson-3.18.4-cp37-cp37m-musllinux_1_1_x86_64.whl", hash = "sha256:b482d1fdd8f860e743c7de8cd6dfe54fb9fe8cd6ccba29e2966912ac89e17b2f"},
    {file = "simplejson-3.18.4-cp37-cp37m-win32.whl", hash = "sha256:313dfd911723dc3022fed7050a7b315d5d0681cd56eee08e44e2cbd39fd9ad81"},
    {file = "simplejson-3.18.4-cp37-cp37m-win_amd64.whl", hash = "sha256:f5e0a03e533313eee9437ccc6c4eab47369f17bc919b57df4a20ccd8bc85d8fd"},
    {file = "simplejson-3.18.4-cp38-cp38-macosx_10_9_universal2.whl", hash = "sha256:5c4f59dd358c3a99efa46d62dc1583be3a1c37171f5240c4cbdc2d5838870902"},
    {file = "simplejson-3.18.4-cp38-cp38-macosx_10_9_x86_64.whl", hash = "sha256:041dd69026284d10f035cefb4a75026d2cfcef31f31e62585eeb2b7776e7e047"},
    {file = "simplejson-3.18.4-cp38-cp38-macosx_11_0_arm64.whl", hash = "sha256:47509775a5c41ec2a6cd17c9c00fc14965cad8e6670059663872ba5e39332f57"},
    {file = "simplejson-3.18.4-cp38-cp38-manylinux_2_17_aarch64.manylinux2014_aarch64.whl", hash = "sha256:f1b425a857ce52e651739314e4118fc68bd702ef983148b8fd5cb6f68bb6a020"},
    {file = "simplejson-3.18.4-cp38-cp38-manylinux_2_17_ppc64le.manylinux2014_ppc64le.whl", hash = "sha256:deb71e6166e4f1264174d78b5b88abd52b14c6649e6eabaf9cf93cb1c7362850"},
    {file = "simplejson-3.18.4-cp38-cp38-manylinux_2_5_i686.manylinux1_i686.manylinux_2_17_i686.manylinux2014_i686.whl", hash = "sha256:827ddc3b3603f7d0421b054388da6face7871d800c4b3bbedeedc8778e4085ea"},
    {file = "simplejson-3.18.4-cp38-cp38-manylinux_2_5_x86_64.manylinux1_x86_64.manylinux_2_17_x86_64.manylinux2014_x86_64.whl", hash = "sha256:dc74a9ef4d61e18ee6f1886b6ef1fe285b1f432885288afacfb7402f7d469448"},
    {file = "simplejson-3.18.4-cp38-cp38-musllinux_1_1_aarch64.whl", hash = "sha256:16fbebfc38ad4285c256d2430797fd669b0437d090e985c6d443521d4303b133"},
    {file = "simplejson-3.18.4-cp38-cp38-musllinux_1_1_i686.whl", hash = "sha256:e7d3f7cd57ce0c6a5bb8133f8ed5c3d1be0473a88b7d91a300626298f12d0999"},
    {file = "simplejson-3.18.4-cp38-cp38-musllinux_1_1_ppc64le.whl", hash = "sha256:b43d3c2e204d709af955bdb904ae127fe137363ace87fbf7dc8fe6017f7f8449"},
    {file = "simplejson-3.18.4-cp38-cp38-musllinux_1_1_x86_64.whl", hash = "sha256:ab5941e1fd509fc151258477ef4b663fe14c94f8faf3581827bf4b02080fd4ba"},
    {file = "simplejson-3.18.4-cp38-cp38-win32.whl", hash = "sha256:a1163bfe5d043c20adeb5c4c8e89dd1dd39b375c8ca6f1c1e35ec537ad7a12e7"},
    {file = "simplejson-3.18.4-cp38-cp38-win_amd64.whl", hash = "sha256:8ccc982197982cdda19e3e5ba4ef7f6ad6bed3eb39bb423bfbf7fa2cd29488ab"},
    {file = "simplejson-3.18.4-cp39-cp39-macosx_10_9_universal2.whl", hash = "sha256:01f426ee9e3a2d205aa4c22c3da996b51f2de75c4199ef703258a28b304dea8c"},
    {file = "simplejson-3.18.4-cp39-cp39-macosx_10_9_x86_64.whl", hash = "sha256:46b8cc86204b51eddcf157cbaf3c44a20f24393030442af0909eeb961186cb67"},
    {file = "simplejson-3.18.4-cp39-cp39-macosx_11_0_arm64.whl", hash = "sha256:65de5876e34780b43f92d9d2539de16ecc56d16f56e56e59b34adfa1cebe064f"},
    {file = "simplejson-3.18.4-cp39-cp39-manylinux_2_17_aarch64.manylinux2014_aarch64.whl", hash = "sha256:fa6fe8fa94a831886ee164ac03514f361e1387a62a1b9da32fde5c0c1f27fa8d"},
    {file = "simplejson-3.18.4-cp39-cp39-manylinux_2_17_ppc64le.manylinux2014_ppc64le.whl", hash = "sha256:9a50a9da1cf93e35f26c4ddee162abf3184a340339ec2d4001c34607b87e71b4"},
    {file = "simplejson-3.18.4-cp39-cp39-manylinux_2_5_i686.manylinux1_i686.manylinux_2_17_i686.manylinux2014_i686.whl", hash = "sha256:a2285609b4edbf9957440642493788ebef6583042b3fb96217c2e71f29bc6d80"},
    {file = "simplejson-3.18.4-cp39-cp39-manylinux_2_5_x86_64.manylinux1_x86_64.manylinux_2_17_x86_64.manylinux2014_x86_64.whl", hash = "sha256:5b217201efc007166e24e9a282007cc208a2d059350a7c5bd0b0303460ad3019"},
    {file = "simplejson-3.18.4-cp39-cp39-musllinux_1_1_aarch64.whl", hash = "sha256:0cc9a47bf8cde85c99db5f4a919bb756e62427ade0f2e875a6ec89ae8492d486"},
    {file = "simplejson-3.18.4-cp39-cp39-musllinux_1_1_i686.whl", hash = "sha256:e042ae053e05fe193514d51d6b0f0243729961901e9a75f8b596bfaf69522c52"},
    {file = "simplejson-3.18.4-cp39-cp39-musllinux_1_1_ppc64le.whl", hash = "sha256:d0d3b9f7cee233368d92c89746dde74313abafaa3ec1f0c06a3f4f164dc27bcc"},
    {file = "simplejson-3.18.4-cp39-cp39-musllinux_1_1_x86_64.whl", hash = "sha256:1844d7782652f859d9648531778582d4842d80cfff8d334eb23bb8da0d22a1b0"},
    {file = "simplejson-3.18.4-cp39-cp39-win32.whl", hash = "sha256:2a6e5c0e0817fb20dbb880c83caebbd4ef39f1901f6f8e53b73a3c74de4e5172"},
    {file = "simplejson-3.18.4-cp39-cp39-win_amd64.whl", hash = "sha256:34d95ad8e27754f0d91917600d6ea273e05c82a71021f168c45be48637d9502f"},
    {file = "simplejson-3.18.4-py3-none-any.whl", hash = "sha256:03de1ec4ad734f28ca49b0a758b997d752be0d089ed30360157c4e8811999c8f"},
    {file = "simplejson-3.18.4.tar.gz", hash = "sha256:6197cfebe659ac802a686b5408494115a7062b45cdf37679c4d6a9d4f39649b7"},
]

[[package]]
name = "toml"
version = "0.10.2"
description = "Python Library for Tom's Obvious, Minimal Language"
category = "dev"
optional = false
python-versions = ">=2.6, !=3.0.*, !=3.1.*, !=3.2.*"
files = [
    {file = "toml-0.10.2-py2.py3-none-any.whl", hash = "sha256:806143ae5bfb6a3c6e736a764057db0e6a0e05e338b5630894a5f779cabb4f9b"},
    {file = "toml-0.10.2.tar.gz", hash = "sha256:b3bda1d108d5dd99f4a20d24d9c348e91c4db7ab1b749200bded2f839ccbe68f"},
]

[[package]]
name = "typed-ast"
version = "1.5.0"
description = "a fork of Python 2 and 3 ast modules with type comment support"
category = "dev"
optional = false
python-versions = ">=3.6"
files = [
    {file = "typed_ast-1.5.0-cp310-cp310-macosx_10_9_x86_64.whl", hash = "sha256:7b310a207ee9fde3f46ba327989e6cba4195bc0c8c70a158456e7b10233e6bed"},
    {file = "typed_ast-1.5.0-cp310-cp310-macosx_11_0_arm64.whl", hash = "sha256:52ca2b2b524d770bed7a393371a38e91943f9160a190141e0df911586066ecda"},
    {file = "typed_ast-1.5.0-cp310-cp310-manylinux_2_5_x86_64.manylinux1_x86_64.manylinux_2_12_x86_64.manylinux2010_x86_64.whl", hash = "sha256:14fed8820114a389a2b7e91624db5f85f3f6682fda09fe0268a59aabd28fe5f5"},
    {file = "typed_ast-1.5.0-cp310-cp310-win_amd64.whl", hash = "sha256:65c81abbabda7d760df7304d843cc9dbe7ef5d485504ca59a46ae2d1731d2428"},
    {file = "typed_ast-1.5.0-cp36-cp36m-macosx_10_9_x86_64.whl", hash = "sha256:37ba2ab65a0028b1a4f2b61a8fe77f12d242731977d274a03d68ebb751271508"},
    {file = "typed_ast-1.5.0-cp36-cp36m-manylinux_2_5_x86_64.manylinux1_x86_64.manylinux_2_12_x86_64.manylinux2010_x86_64.whl", hash = "sha256:49af5b8f6f03ed1eb89ee06c1d7c2e7c8e743d720c3746a5857609a1abc94c94"},
    {file = "typed_ast-1.5.0-cp36-cp36m-win_amd64.whl", hash = "sha256:e4374a76e61399a173137e7984a1d7e356038cf844f24fd8aea46c8029a2f712"},
    {file = "typed_ast-1.5.0-cp37-cp37m-macosx_10_9_x86_64.whl", hash = "sha256:ea517c2bb11c5e4ba7a83a91482a2837041181d57d3ed0749a6c382a2b6b7086"},
    {file = "typed_ast-1.5.0-cp37-cp37m-manylinux_2_5_x86_64.manylinux1_x86_64.manylinux_2_12_x86_64.manylinux2010_x86_64.whl", hash = "sha256:51040bf45aacefa44fa67fb9ebcd1f2bec73182b99a532c2394eea7dabd18e24"},
    {file = "typed_ast-1.5.0-cp37-cp37m-win_amd64.whl", hash = "sha256:806e0c7346b9b4af8c62d9a29053f484599921a4448c37fbbcbbf15c25138570"},
    {file = "typed_ast-1.5.0-cp38-cp38-macosx_10_9_x86_64.whl", hash = "sha256:a67fd5914603e2165e075f1b12f5a8356bfb9557e8bfb74511108cfbab0f51ed"},
    {file = "typed_ast-1.5.0-cp38-cp38-macosx_11_0_arm64.whl", hash = "sha256:224afecb8b39739f5c9562794a7c98325cb9d972712e1a98b6989a4720219541"},
    {file = "typed_ast-1.5.0-cp38-cp38-manylinux_2_5_x86_64.manylinux1_x86_64.manylinux_2_12_x86_64.manylinux2010_x86_64.whl", hash = "sha256:155b74b078be842d2eb630dd30a280025eca0a5383c7d45853c27afee65f278f"},
    {file = "typed_ast-1.5.0-cp38-cp38-win_amd64.whl", hash = "sha256:361b9e5d27bd8e3ccb6ea6ad6c4f3c0be322a1a0f8177db6d56264fa0ae40410"},
    {file = "typed_ast-1.5.0-cp39-cp39-macosx_10_9_x86_64.whl", hash = "sha256:618912cbc7e17b4aeba86ffe071698c6e2d292acbd6d1d5ec1ee724b8c4ae450"},
    {file = "typed_ast-1.5.0-cp39-cp39-macosx_11_0_arm64.whl", hash = "sha256:7e6731044f748340ef68dcadb5172a4b1f40847a2983fe3983b2a66445fbc8e6"},
    {file = "typed_ast-1.5.0-cp39-cp39-manylinux_2_5_x86_64.manylinux1_x86_64.manylinux_2_12_x86_64.manylinux2010_x86_64.whl", hash = "sha256:e8a9b9c87801cecaad3b4c2b8876387115d1a14caa602c1618cedbb0cb2a14e6"},
    {file = "typed_ast-1.5.0-cp39-cp39-win_amd64.whl", hash = "sha256:ec184dfb5d3d11e82841dbb973e7092b75f306b625fad7b2e665b64c5d60ab3f"},
    {file = "typed_ast-1.5.0.tar.gz", hash = "sha256:ff4ad88271aa7a55f19b6a161ed44e088c393846d954729549e3cde8257747bb"},
]

[[package]]
name = "typing-extensions"
version = "4.0.1"
description = "Backported and Experimental Type Hints for Python 3.6+"
category = "dev"
optional = false
python-versions = ">=3.6"
files = [
    {file = "typing_extensions-4.0.1-py3-none-any.whl", hash = "sha256:7f001e5ac290a0c0401508864c7ec868be4e701886d5b573a9528ed3973d9d3b"},
    {file = "typing_extensions-4.0.1.tar.gz", hash = "sha256:4ca091dea149f945ec56afb48dae714f21e8692ef22a395223bcd328961b6a0e"},
]

[[package]]
name = "urllib3"
version = "1.22"
description = "HTTP library with thread-safe connection pooling, file post, and more."
category = "main"
optional = false
python-versions = "*"
files = [
    {file = "urllib3-1.22-py2.py3-none-any.whl", hash = "sha256:06330f386d6e4b195fbfc736b297f58c5a892e4440e54d294d7004e3a9bbea1b"},
    {file = "urllib3-1.22.tar.gz", hash = "sha256:cc44da8e1145637334317feebd728bd869a35285b93cbb4cca2577da7e62db4f"},
]

[package.extras]
secure = ["certifi", "cryptography (>=1.3.4)", "idna (>=2.0.0)", "ipaddress", "pyOpenSSL (>=0.14)"]
socks = ["PySocks (>=1.5.6,!=1.5.7,<2.0)"]

[[package]]
name = "zipp"
version = "3.6.0"
description = "Backport of pathlib-compatible object wrapper for zip files"
category = "dev"
optional = false
python-versions = ">=3.6"
files = [
    {file = "zipp-3.6.0-py3-none-any.whl", hash = "sha256:9fe5ea21568a0a70e50f273397638d39b03353731e6cbbb3fd8502a33fec40bc"},
    {file = "zipp-3.6.0.tar.gz", hash = "sha256:71c644c5369f4a6e07636f0aa966270449561fcea2e3d6747b8d23efaa9d7832"},
]

[package.extras]
docs = ["jaraco.packaging (>=8.2)", "rst.linker (>=1.9)", "sphinx"]
testing = ["func-timeout", "jaraco.itertools", "pytest (>=4.6)", "pytest-black (>=0.3.7)", "pytest-checkdocs (>=2.4)", "pytest-cov", "pytest-enabler (>=1.0.1)", "pytest-flake8", "pytest-mypy"]

[metadata]
lock-version = "2.0"
python-versions = ">=3.6"
content-hash = "1a7f673c1fbfdba0027807f1c9ad069932d7b729e609c8d0dc802a7455f8083e"
